// !$*UTF8*$!
{
	archiveVersion = 1;
	classes = {
	};
	objectVersion = 56;
	objects = {

/* Begin PBXBuildFile section */
		2D0A61CB29FE8DF900F2926A /* WeatherData.swift in Sources */ = {isa = PBXBuildFile; fileRef = 2D0A61CA29FE8DF900F2926A /* WeatherData.swift */; };
		2D0A61D129FEB21000F2926A /* WeatherModel.swift in Sources */ = {isa = PBXBuildFile; fileRef = 2D0A61D029FEB21000F2926A /* WeatherModel.swift */; };
		2D388D3229F589B900010ABE /* AppDelegate.swift in Sources */ = {isa = PBXBuildFile; fileRef = 2D388D3129F589B900010ABE /* AppDelegate.swift */; };
		2D388D3429F589B900010ABE /* SceneDelegate.swift in Sources */ = {isa = PBXBuildFile; fileRef = 2D388D3329F589B900010ABE /* SceneDelegate.swift */; };
		2D388D3629F589B900010ABE /* WeatherViewController.swift in Sources */ = {isa = PBXBuildFile; fileRef = 2D388D3529F589B900010ABE /* WeatherViewController.swift */; };
		2D388D3929F589B900010ABE /* Main.storyboard in Resources */ = {isa = PBXBuildFile; fileRef = 2D388D3729F589B900010ABE /* Main.storyboard */; };
		2D388D3B29F589BB00010ABE /* Assets.xcassets in Resources */ = {isa = PBXBuildFile; fileRef = 2D388D3A29F589BB00010ABE /* Assets.xcassets */; };
		2D388D3E29F589BB00010ABE /* LaunchScreen.storyboard in Resources */ = {isa = PBXBuildFile; fileRef = 2D388D3C29F589BB00010ABE /* LaunchScreen.storyboard */; };
		2D6911C32A02D0C6001DF1D5 /* Constants.swift in Sources */ = {isa = PBXBuildFile; fileRef = 2D6911C22A02D0C6001DF1D5 /* Constants.swift */; };
		2DCA8A6229FC3BB4005F48A6 /* WeatherManager.swift in Sources */ = {isa = PBXBuildFile; fileRef = 2DCA8A6129FC3BB4005F48A6 /* WeatherManager.swift */; };
/* End PBXBuildFile section */

/* Begin PBXFileReference section */
		2D0A61CA29FE8DF900F2926A /* WeatherData.swift */ = {isa = PBXFileReference; lastKnownFileType = sourcecode.swift; path = WeatherData.swift; sourceTree = "<group>"; };
		2D0A61D029FEB21000F2926A /* WeatherModel.swift */ = {isa = PBXFileReference; lastKnownFileType = sourcecode.swift; path = WeatherModel.swift; sourceTree = "<group>"; };
		2D388D2E29F589B900010ABE /* Clima-iOS16.app */ = {isa = PBXFileReference; explicitFileType = wrapper.application; includeInIndex = 0; path = "Clima-iOS16.app"; sourceTree = BUILT_PRODUCTS_DIR; };
		2D388D3129F589B900010ABE /* AppDelegate.swift */ = {isa = PBXFileReference; lastKnownFileType = sourcecode.swift; path = AppDelegate.swift; sourceTree = "<group>"; };
		2D388D3329F589B900010ABE /* SceneDelegate.swift */ = {isa = PBXFileReference; lastKnownFileType = sourcecode.swift; path = SceneDelegate.swift; sourceTree = "<group>"; };
		2D388D3529F589B900010ABE /* WeatherViewController.swift */ = {isa = PBXFileReference; lastKnownFileType = sourcecode.swift; path = WeatherViewController.swift; sourceTree = "<group>"; };
		2D388D3829F589B900010ABE /* Base */ = {isa = PBXFileReference; lastKnownFileType = file.storyboard; name = Base; path = Base.lproj/Main.storyboard; sourceTree = "<group>"; };
		2D388D3A29F589BB00010ABE /* Assets.xcassets */ = {isa = PBXFileReference; lastKnownFileType = folder.assetcatalog; path = Assets.xcassets; sourceTree = "<group>"; };
		2D388D3D29F589BB00010ABE /* Base */ = {isa = PBXFileReference; lastKnownFileType = file.storyboard; name = Base; path = Base.lproj/LaunchScreen.storyboard; sourceTree = "<group>"; };
		2D388D3F29F589BB00010ABE /* Info.plist */ = {isa = PBXFileReference; lastKnownFileType = text.plist.xml; path = Info.plist; sourceTree = "<group>"; };
		2D6911C22A02D0C6001DF1D5 /* Constants.swift */ = {isa = PBXFileReference; lastKnownFileType = sourcecode.swift; path = Constants.swift; sourceTree = "<group>"; };
		2DCA8A6129FC3BB4005F48A6 /* WeatherManager.swift */ = {isa = PBXFileReference; lastKnownFileType = sourcecode.swift; path = WeatherManager.swift; sourceTree = "<group>"; };
/* End PBXFileReference section */

/* Begin PBXFrameworksBuildPhase section */
		2D388D2B29F589B900010ABE /* Frameworks */ = {
			isa = PBXFrameworksBuildPhase;
			buildActionMask = 2147483647;
			files = (
			);
			runOnlyForDeploymentPostprocessing = 0;
		};
/* End PBXFrameworksBuildPhase section */

/* Begin PBXGroup section */
		2D388D2529F589B900010ABE = {
			isa = PBXGroup;
			children = (
				2D388D3029F589B900010ABE /* Clima-iOS16 */,
				2D388D2F29F589B900010ABE /* Products */,
			);
			sourceTree = "<group>";
		};
		2D388D2F29F589B900010ABE /* Products */ = {
			isa = PBXGroup;
			children = (
				2D388D2E29F589B900010ABE /* Clima-iOS16.app */,
			);
			name = Products;
			sourceTree = "<group>";
		};
		2D388D3029F589B900010ABE /* Clima-iOS16 */ = {
			isa = PBXGroup;
			children = (
				2D388D3129F589B900010ABE /* AppDelegate.swift */,
				2D388D3329F589B900010ABE /* SceneDelegate.swift */,
				2D388D6929F58E7600010ABE /* Model */,
				2D6911C22A02D0C6001DF1D5 /* Constants.swift */,
				2D388D6B29F58E8E00010ABE /* View */,
				2D388D6A29F58E7F00010ABE /* Controller */,
				2D388D3A29F589BB00010ABE /* Assets.xcassets */,
				2D388D3C29F589BB00010ABE /* LaunchScreen.storyboard */,
				2D388D3F29F589BB00010ABE /* Info.plist */,
			);
			path = "Clima-iOS16";
			sourceTree = "<group>";
		};
		2D388D6929F58E7600010ABE /* Model */ = {
			isa = PBXGroup;
			children = (
				2DCA8A6129FC3BB4005F48A6 /* WeatherManager.swift */,
				2D0A61CA29FE8DF900F2926A /* WeatherData.swift */,
				2D0A61D029FEB21000F2926A /* WeatherModel.swift */,
			);
			path = Model;
			sourceTree = "<group>";
		};
		2D388D6A29F58E7F00010ABE /* Controller */ = {
			isa = PBXGroup;
			children = (
				2D388D3529F589B900010ABE /* WeatherViewController.swift */,
			);
			path = Controller;
			sourceTree = "<group>";
		};
		2D388D6B29F58E8E00010ABE /* View */ = {
			isa = PBXGroup;
			children = (
				2D388D3729F589B900010ABE /* Main.storyboard */,
			);
			path = View;
			sourceTree = "<group>";
		};
/* End PBXGroup section */

/* Begin PBXNativeTarget section */
		2D388D2D29F589B900010ABE /* Clima-iOS16 */ = {
			isa = PBXNativeTarget;
			buildConfigurationList = 2D388D4229F589BB00010ABE /* Build configuration list for PBXNativeTarget "Clima-iOS16" */;
			buildPhases = (
				2D388D2A29F589B900010ABE /* Sources */,
				2D388D2B29F589B900010ABE /* Frameworks */,
				2D388D2C29F589B900010ABE /* Resources */,
			);
			buildRules = (
			);
			dependencies = (
			);
			name = "Clima-iOS16";
			productName = "Clima-iOS16";
			productReference = 2D388D2E29F589B900010ABE /* Clima-iOS16.app */;
			productType = "com.apple.product-type.application";
		};
/* End PBXNativeTarget section */

/* Begin PBXProject section */
		2D388D2629F589B900010ABE /* Project object */ = {
			isa = PBXProject;
			attributes = {
				BuildIndependentTargetsInParallel = 1;
				LastSwiftUpdateCheck = 1400;
				LastUpgradeCheck = 1400;
				TargetAttributes = {
					2D388D2D29F589B900010ABE = {
						CreatedOnToolsVersion = 14.0;
					};
				};
			};
			buildConfigurationList = 2D388D2929F589B900010ABE /* Build configuration list for PBXProject "Clima-iOS16" */;
			compatibilityVersion = "Xcode 14.0";
			developmentRegion = en;
			hasScannedForEncodings = 0;
			knownRegions = (
				en,
				Base,
			);
			mainGroup = 2D388D2529F589B900010ABE;
			productRefGroup = 2D388D2F29F589B900010ABE /* Products */;
			projectDirPath = "";
			projectRoot = "";
			targets = (
				2D388D2D29F589B900010ABE /* Clima-iOS16 */,
			);
		};
/* End PBXProject section */

/* Begin PBXResourcesBuildPhase section */
		2D388D2C29F589B900010ABE /* Resources */ = {
			isa = PBXResourcesBuildPhase;
			buildActionMask = 2147483647;
			files = (
				2D388D3E29F589BB00010ABE /* LaunchScreen.storyboard in Resources */,
				2D388D3B29F589BB00010ABE /* Assets.xcassets in Resources */,
				2D388D3929F589B900010ABE /* Main.storyboard in Resources */,
			);
			runOnlyForDeploymentPostprocessing = 0;
		};
/* End PBXResourcesBuildPhase section */

/* Begin PBXSourcesBuildPhase section */
		2D388D2A29F589B900010ABE /* Sources */ = {
			isa = PBXSourcesBuildPhase;
			buildActionMask = 2147483647;
			files = (
				2D388D3629F589B900010ABE /* WeatherViewController.swift in Sources */,
				2D0A61CB29FE8DF900F2926A /* WeatherData.swift in Sources */,
				2D388D3229F589B900010ABE /* AppDelegate.swift in Sources */,
				2DCA8A6229FC3BB4005F48A6 /* WeatherManager.swift in Sources */,
				2D6911C32A02D0C6001DF1D5 /* Constants.swift in Sources */,
				2D0A61D129FEB21000F2926A /* WeatherModel.swift in Sources */,
				2D388D3429F589B900010ABE /* SceneDelegate.swift in Sources */,
			);
			runOnlyForDeploymentPostprocessing = 0;
		};
/* End PBXSourcesBuildPhase section */

/* Begin PBXVariantGroup section */
		2D388D3729F589B900010ABE /* Main.storyboard */ = {
			isa = PBXVariantGroup;
			children = (
				2D388D3829F589B900010ABE /* Base */,
			);
			name = Main.storyboard;
			sourceTree = "<group>";
		};
		2D388D3C29F589BB00010ABE /* LaunchScreen.storyboard */ = {
			isa = PBXVariantGroup;
			children = (
				2D388D3D29F589BB00010ABE /* Base */,
			);
			name = LaunchScreen.storyboard;
			sourceTree = "<group>";
		};
/* End PBXVariantGroup section */

/* Begin XCBuildConfiguration section */
		2D388D4029F589BB00010ABE /* Debug */ = {
			isa = XCBuildConfiguration;
			buildSettings = {
				ALWAYS_SEARCH_USER_PATHS = NO;
				CLANG_ANALYZER_NONNULL = YES;
				CLANG_ANALYZER_NUMBER_OBJECT_CONVERSION = YES_AGGRESSIVE;
				CLANG_CXX_LANGUAGE_STANDARD = "gnu++20";
				CLANG_ENABLE_MODULES = YES;
				CLANG_ENABLE_OBJC_ARC = YES;
				CLANG_ENABLE_OBJC_WEAK = YES;
				CLANG_WARN_BLOCK_CAPTURE_AUTORELEASING = YES;
				CLANG_WARN_BOOL_CONVERSION = YES;
				CLANG_WARN_COMMA = YES;
				CLANG_WARN_CONSTANT_CONVERSION = YES;
				CLANG_WARN_DEPRECATED_OBJC_IMPLEMENTATIONS = YES;
				CLANG_WARN_DIRECT_OBJC_ISA_USAGE = YES_ERROR;
				CLANG_WARN_DOCUMENTATION_COMMENTS = YES;
				CLANG_WARN_EMPTY_BODY = YES;
				CLANG_WARN_ENUM_CONVERSION = YES;
				CLANG_WARN_INFINITE_RECURSION = YES;
				CLANG_WARN_INT_CONVERSION = YES;
				CLANG_WARN_NON_LITERAL_NULL_CONVERSION = YES;
				CLANG_WARN_OBJC_IMPLICIT_RETAIN_SELF = YES;
				CLANG_WARN_OBJC_LITERAL_CONVERSION = YES;
				CLANG_WARN_OBJC_ROOT_CLASS = YES_ERROR;
				CLANG_WARN_QUOTED_INCLUDE_IN_FRAMEWORK_HEADER = YES;
				CLANG_WARN_RANGE_LOOP_ANALYSIS = YES;
				CLANG_WARN_STRICT_PROTOTYPES = YES;
				CLANG_WARN_SUSPICIOUS_MOVE = YES;
				CLANG_WARN_UNGUARDED_AVAILABILITY = YES_AGGRESSIVE;
				CLANG_WARN_UNREACHABLE_CODE = YES;
				CLANG_WARN__DUPLICATE_METHOD_MATCH = YES;
				COPY_PHASE_STRIP = NO;
				DEBUG_INFORMATION_FORMAT = dwarf;
				ENABLE_STRICT_OBJC_MSGSEND = YES;
				ENABLE_TESTABILITY = YES;
				GCC_C_LANGUAGE_STANDARD = gnu11;
				GCC_DYNAMIC_NO_PIC = NO;
				GCC_NO_COMMON_BLOCKS = YES;
				GCC_OPTIMIZATION_LEVEL = 0;
				GCC_PREPROCESSOR_DEFINITIONS = (
					"DEBUG=1",
					"$(inherited)",
				);
				GCC_WARN_64_TO_32_BIT_CONVERSION = YES;
				GCC_WARN_ABOUT_RETURN_TYPE = YES_ERROR;
				GCC_WARN_UNDECLARED_SELECTOR = YES;
				GCC_WARN_UNINITIALIZED_AUTOS = YES_AGGRESSIVE;
				GCC_WARN_UNUSED_FUNCTION = YES;
				GCC_WARN_UNUSED_VARIABLE = YES;
				IPHONEOS_DEPLOYMENT_TARGET = 16.0;
				MTL_ENABLE_DEBUG_INFO = INCLUDE_SOURCE;
				MTL_FAST_MATH = YES;
				ONLY_ACTIVE_ARCH = YES;
				SDKROOT = iphoneos;
				SWIFT_ACTIVE_COMPILATION_CONDITIONS = DEBUG;
				SWIFT_OPTIMIZATION_LEVEL = "-Onone";
			};
			name = Debug;
		};
		2D388D4129F589BB00010ABE /* Release */ = {
			isa = XCBuildConfiguration;
			buildSettings = {
				ALWAYS_SEARCH_USER_PATHS = NO;
				CLANG_ANALYZER_NONNULL = YES;
				CLANG_ANALYZER_NUMBER_OBJECT_CONVERSION = YES_AGGRESSIVE;
				CLANG_CXX_LANGUAGE_STANDARD = "gnu++20";
				CLANG_ENABLE_MODULES = YES;
				CLANG_ENABLE_OBJC_ARC = YES;
				CLANG_ENABLE_OBJC_WEAK = YES;
				CLANG_WARN_BLOCK_CAPTURE_AUTORELEASING = YES;
				CLANG_WARN_BOOL_CONVERSION = YES;
				CLANG_WARN_COMMA = YES;
				CLANG_WARN_CONSTANT_CONVERSION = YES;
				CLANG_WARN_DEPRECATED_OBJC_IMPLEMENTATIONS = YES;
				CLANG_WARN_DIRECT_OBJC_ISA_USAGE = YES_ERROR;
				CLANG_WARN_DOCUMENTATION_COMMENTS = YES;
				CLANG_WARN_EMPTY_BODY = YES;
				CLANG_WARN_ENUM_CONVERSION = YES;
				CLANG_WARN_INFINITE_RECURSION = YES;
				CLANG_WARN_INT_CONVERSION = YES;
				CLANG_WARN_NON_LITERAL_NULL_CONVERSION = YES;
				CLANG_WARN_OBJC_IMPLICIT_RETAIN_SELF = YES;
				CLANG_WARN_OBJC_LITERAL_CONVERSION = YES;
				CLANG_WARN_OBJC_ROOT_CLASS = YES_ERROR;
				CLANG_WARN_QUOTED_INCLUDE_IN_FRAMEWORK_HEADER = YES;
				CLANG_WARN_RANGE_LOOP_ANALYSIS = YES;
				CLANG_WARN_STRICT_PROTOTYPES = YES;
				CLANG_WARN_SUSPICIOUS_MOVE = YES;
				CLANG_WARN_UNGUARDED_AVAILABILITY = YES_AGGRESSIVE;
				CLANG_WARN_UNREACHABLE_CODE = YES;
				CLANG_WARN__DUPLICATE_METHOD_MATCH = YES;
				COPY_PHASE_STRIP = NO;
				DEBUG_INFORMATION_FORMAT = "dwarf-with-dsym";
				ENABLE_NS_ASSERTIONS = NO;
				ENABLE_STRICT_OBJC_MSGSEND = YES;
				GCC_C_LANGUAGE_STANDARD = gnu11;
				GCC_NO_COMMON_BLOCKS = YES;
				GCC_WARN_64_TO_32_BIT_CONVERSION = YES;
				GCC_WARN_ABOUT_RETURN_TYPE = YES_ERROR;
				GCC_WARN_UNDECLARED_SELECTOR = YES;
				GCC_WARN_UNINITIALIZED_AUTOS = YES_AGGRESSIVE;
				GCC_WARN_UNUSED_FUNCTION = YES;
				GCC_WARN_UNUSED_VARIABLE = YES;
				IPHONEOS_DEPLOYMENT_TARGET = 16.0;
				MTL_ENABLE_DEBUG_INFO = NO;
				MTL_FAST_MATH = YES;
				SDKROOT = iphoneos;
				SWIFT_COMPILATION_MODE = wholemodule;
				SWIFT_OPTIMIZATION_LEVEL = "-O";
				VALIDATE_PRODUCT = YES;
			};
			name = Release;
		};
		2D388D4329F589BB00010ABE /* Debug */ = {
			isa = XCBuildConfiguration;
			buildSettings = {
				ASSETCATALOG_COMPILER_APPICON_NAME = AppIcon;
				ASSETCATALOG_COMPILER_GLOBAL_ACCENT_COLOR_NAME = AccentColor;
				CODE_SIGN_STYLE = Automatic;
				CURRENT_PROJECT_VERSION = 1;
				GENERATE_INFOPLIST_FILE = YES;
				INFOPLIST_FILE = "Clima-iOS16/Info.plist";
				INFOPLIST_KEY_UIApplicationSupportsIndirectInputEvents = YES;
				INFOPLIST_KEY_UILaunchStoryboardName = LaunchScreen;
				INFOPLIST_KEY_UIMainStoryboardFile = Main;
				INFOPLIST_KEY_UISupportedInterfaceOrientations_iPad = "UIInterfaceOrientationPortrait UIInterfaceOrientationPortraitUpsideDown UIInterfaceOrientationLandscapeLeft UIInterfaceOrientationLandscapeRight";
				INFOPLIST_KEY_UISupportedInterfaceOrientations_iPhone = "UIInterfaceOrientationPortrait UIInterfaceOrientationLandscapeLeft UIInterfaceOrientationLandscapeRight";
				LD_RUNPATH_SEARCH_PATHS = (
					"$(inherited)",
					"@executable_path/Frameworks",
				);
				MARKETING_VERSION = 1.0;
				PRODUCT_BUNDLE_IDENTIFIER = "com.amrmohamad.Clima-iOS16";
				PRODUCT_NAME = "$(TARGET_NAME)";
				SWIFT_EMIT_LOC_STRINGS = YES;
				SWIFT_VERSION = 5.0;
				TARGETED_DEVICE_FAMILY = "1,2";
			};
			name = Debug;
		};
		2D388D4429F589BB00010ABE /* Release */ = {
			isa = XCBuildConfiguration;
			buildSettings = {
				ASSETCATALOG_COMPILER_APPICON_NAME = AppIcon;
				ASSETCATALOG_COMPILER_GLOBAL_ACCENT_COLOR_NAME = AccentColor;
				CODE_SIGN_STYLE = Automatic;
				CURRENT_PROJECT_VERSION = 1;
				GENERATE_INFOPLIST_FILE = YES;
				INFOPLIST_FILE = "Clima-iOS16/Info.plist";
				INFOPLIST_KEY_UIApplicationSupportsIndirectInputEvents = YES;
				INFOPLIST_KEY_UILaunchStoryboardName = LaunchScreen;
				INFOPLIST_KEY_UIMainStoryboardFile = Main;
				INFOPLIST_KEY_UISupportedInterfaceOrientations_iPad = "UIInterfaceOrientationPortrait UIInterfaceOrientationPortraitUpsideDown UIInterfaceOrientationLandscapeLeft UIInterfaceOrientationLandscapeRight";
				INFOPLIST_KEY_UISupportedInterfaceOrientations_iPhone = "UIInterfaceOrientationPortrait UIInterfaceOrientationLandscapeLeft UIInterfaceOrientationLandscapeRight";
				LD_RUNPATH_SEARCH_PATHS = (
					"$(inherited)",
					"@executable_path/Frameworks",
				);
				MARKETING_VERSION = 1.0;
				PRODUCT_BUNDLE_IDENTIFIER = "com.amrmohamad.Clima-iOS16";
				PRODUCT_NAME = "$(TARGET_NAME)";
				SWIFT_EMIT_LOC_STRINGS = YES;
				SWIFT_VERSION = 5.0;
				TARGETED_DEVICE_FAMILY = "1,2";
			};
			name = Release;
		};
/* End XCBuildConfiguration section */

/* Begin XCConfigurationList section */
		2D388D2929F589B900010ABE /* Build configuration list for PBXProject "Clima-iOS16" */ = {
			isa = XCConfigurationList;
			buildConfigurations = (
				2D388D4029F589BB00010ABE /* Debug */,
				2D388D4129F589BB00010ABE /* Release */,
			);
			defaultConfigurationIsVisible = 0;
			defaultConfigurationName = Release;
		};
		2D388D4229F589BB00010ABE /* Build configuration list for PBXNativeTarget "Clima-iOS16" */ = {
			isa = XCConfigurationList;
			buildConfigurations = (
				2D388D4329F589BB00010ABE /* Debug */,
				2D388D4429F589BB00010ABE /* Release */,
			);
			defaultConfigurationIsVisible = 0;
			defaultConfigurationName = Release;
		};
/* End XCConfigurationList section */
	};
	rootObject = 2D388D2629F589B900010ABE /* Project object */;
}
