// !$*UTF8*$!
{
	archiveVersion = 1;
	classes = {
	};
	objectVersion = 56;
	objects = {

/* Begin PBXBuildFile section */
		2D2001D52A0AA2320027ABEE /* ChatViewController.swift in Sources */ = {isa = PBXBuildFile; fileRef = 2D2001D42A0AA2320027ABEE /* ChatViewController.swift */; };
		2D31AEF72A1115FC0025F88A /* Constants.swift in Sources */ = {isa = PBXBuildFile; fileRef = 2D31AEF62A1115FC0025F88A /* Constants.swift */; };
		2D31AEFB2A112EA10025F88A /* Message.swift in Sources */ = {isa = PBXBuildFile; fileRef = 2D31AEFA2A112EA10025F88A /* Message.swift */; };
		2D77D1802A1239DD00E92DB0 /* MessageTableViewCell.swift in Sources */ = {isa = PBXBuildFile; fileRef = 2D77D17E2A1239DD00E92DB0 /* MessageTableViewCell.swift */; };
		2D77D1812A1239DD00E92DB0 /* MessageTableViewCell.xib in Resources */ = {isa = PBXBuildFile; fileRef = 2D77D17F2A1239DD00E92DB0 /* MessageTableViewCell.xib */; };
		2DD646212A0A58F0002181D1 /* RegisterViewController.swift in Sources */ = {isa = PBXBuildFile; fileRef = 2DD646202A0A58F0002181D1 /* RegisterViewController.swift */; };
		2DD646242A0A6528002181D1 /* UITextFieldCustomUI.swift in Sources */ = {isa = PBXBuildFile; fileRef = 2DD646232A0A6528002181D1 /* UITextFieldCustomUI.swift */; };
		2DD6462D2A0A7564002181D1 /* LoginViewController.swift in Sources */ = {isa = PBXBuildFile; fileRef = 2DD6462C2A0A7564002181D1 /* LoginViewController.swift */; };
		2DE577A22A0D631E00FF9570 /* GoogleService-Info.plist in Resources */ = {isa = PBXBuildFile; fileRef = 2DE577A12A0D631E00FF9570 /* GoogleService-Info.plist */; };
		2DFA35A02A1582E50042C52D /* IQKeyboardManagerSwift in Frameworks */ = {isa = PBXBuildFile; productRef = 2DFA359F2A1582E50042C52D /* IQKeyboardManagerSwift */; };
		2DFEDF3B2A0951CD00C0FFFF /* AppDelegate.swift in Sources */ = {isa = PBXBuildFile; fileRef = 2DFEDF3A2A0951CD00C0FFFF /* AppDelegate.swift */; };
		2DFEDF3D2A0951CD00C0FFFF /* SceneDelegate.swift in Sources */ = {isa = PBXBuildFile; fileRef = 2DFEDF3C2A0951CD00C0FFFF /* SceneDelegate.swift */; };
		2DFEDF3F2A0951CD00C0FFFF /* WelcomeViewController.swift in Sources */ = {isa = PBXBuildFile; fileRef = 2DFEDF3E2A0951CD00C0FFFF /* WelcomeViewController.swift */; };
		2DFEDF422A0951CD00C0FFFF /* Main.storyboard in Resources */ = {isa = PBXBuildFile; fileRef = 2DFEDF402A0951CD00C0FFFF /* Main.storyboard */; };
		2DFEDF442A0951CF00C0FFFF /* Assets.xcassets in Resources */ = {isa = PBXBuildFile; fileRef = 2DFEDF432A0951CF00C0FFFF /* Assets.xcassets */; };
		2DFEDF472A0951CF00C0FFFF /* LaunchScreen.storyboard in Resources */ = {isa = PBXBuildFile; fileRef = 2DFEDF452A0951CF00C0FFFF /* LaunchScreen.storyboard */; };
		C4A0F5579CCD25E1F11AD040 /* Pods_FlashChat_iOS16.framework in Frameworks */ = {isa = PBXBuildFile; fileRef = A0FC300A4D5556D3F8C58D83 /* Pods_FlashChat_iOS16.framework */; };
/* End PBXBuildFile section */

/* Begin PBXFileReference section */
		05A5F9AC5B768E69E9585A3B /* Pods-FlashChat-iOS16.debug.xcconfig */ = {isa = PBXFileReference; includeInIndex = 1; lastKnownFileType = text.xcconfig; name = "Pods-FlashChat-iOS16.debug.xcconfig"; path = "Target Support Files/Pods-FlashChat-iOS16/Pods-FlashChat-iOS16.debug.xcconfig"; sourceTree = "<group>"; };
		2D2001D42A0AA2320027ABEE /* ChatViewController.swift */ = {isa = PBXFileReference; lastKnownFileType = sourcecode.swift; path = ChatViewController.swift; sourceTree = "<group>"; };
		2D31AEF62A1115FC0025F88A /* Constants.swift */ = {isa = PBXFileReference; lastKnownFileType = sourcecode.swift; path = Constants.swift; sourceTree = "<group>"; };
		2D31AEFA2A112EA10025F88A /* Message.swift */ = {isa = PBXFileReference; lastKnownFileType = sourcecode.swift; path = Message.swift; sourceTree = "<group>"; };
		2D77D17E2A1239DD00E92DB0 /* MessageTableViewCell.swift */ = {isa = PBXFileReference; lastKnownFileType = sourcecode.swift; path = MessageTableViewCell.swift; sourceTree = "<group>"; };
		2D77D17F2A1239DD00E92DB0 /* MessageTableViewCell.xib */ = {isa = PBXFileReference; lastKnownFileType = file.xib; path = MessageTableViewCell.xib; sourceTree = "<group>"; };
		2DD646202A0A58F0002181D1 /* RegisterViewController.swift */ = {isa = PBXFileReference; lastKnownFileType = sourcecode.swift; path = RegisterViewController.swift; sourceTree = "<group>"; };
		2DD646232A0A6528002181D1 /* UITextFieldCustomUI.swift */ = {isa = PBXFileReference; lastKnownFileType = sourcecode.swift; path = UITextFieldCustomUI.swift; sourceTree = "<group>"; };
		2DD6462C2A0A7564002181D1 /* LoginViewController.swift */ = {isa = PBXFileReference; lastKnownFileType = sourcecode.swift; path = LoginViewController.swift; sourceTree = "<group>"; };
		2DE577A12A0D631E00FF9570 /* GoogleService-Info.plist */ = {isa = PBXFileReference; fileEncoding = 4; lastKnownFileType = text.plist.xml; path = "GoogleService-Info.plist"; sourceTree = "<group>"; };
		2DFEDF372A0951CD00C0FFFF /* FlashChat-iOS16.app */ = {isa = PBXFileReference; explicitFileType = wrapper.application; includeInIndex = 0; path = "FlashChat-iOS16.app"; sourceTree = BUILT_PRODUCTS_DIR; };
		2DFEDF3A2A0951CD00C0FFFF /* AppDelegate.swift */ = {isa = PBXFileReference; lastKnownFileType = sourcecode.swift; path = AppDelegate.swift; sourceTree = "<group>"; };
		2DFEDF3C2A0951CD00C0FFFF /* SceneDelegate.swift */ = {isa = PBXFileReference; lastKnownFileType = sourcecode.swift; path = SceneDelegate.swift; sourceTree = "<group>"; };
		2DFEDF3E2A0951CD00C0FFFF /* WelcomeViewController.swift */ = {isa = PBXFileReference; lastKnownFileType = sourcecode.swift; path = WelcomeViewController.swift; sourceTree = "<group>"; };
		2DFEDF412A0951CD00C0FFFF /* Base */ = {isa = PBXFileReference; lastKnownFileType = file.storyboard; name = Base; path = Base.lproj/Main.storyboard; sourceTree = "<group>"; };
		2DFEDF432A0951CF00C0FFFF /* Assets.xcassets */ = {isa = PBXFileReference; lastKnownFileType = folder.assetcatalog; path = Assets.xcassets; sourceTree = "<group>"; };
		2DFEDF462A0951CF00C0FFFF /* Base */ = {isa = PBXFileReference; lastKnownFileType = file.storyboard; name = Base; path = Base.lproj/LaunchScreen.storyboard; sourceTree = "<group>"; };
		2DFEDF482A0951CF00C0FFFF /* Info.plist */ = {isa = PBXFileReference; lastKnownFileType = text.plist.xml; path = Info.plist; sourceTree = "<group>"; };
		48BF7A1C596AA3A8AD8029AA /* Pods-FlashChat-iOS16.release.xcconfig */ = {isa = PBXFileReference; includeInIndex = 1; lastKnownFileType = text.xcconfig; name = "Pods-FlashChat-iOS16.release.xcconfig"; path = "Target Support Files/Pods-FlashChat-iOS16/Pods-FlashChat-iOS16.release.xcconfig"; sourceTree = "<group>"; };
		A0FC300A4D5556D3F8C58D83 /* Pods_FlashChat_iOS16.framework */ = {isa = PBXFileReference; explicitFileType = wrapper.framework; includeInIndex = 0; path = Pods_FlashChat_iOS16.framework; sourceTree = BUILT_PRODUCTS_DIR; };
/* End PBXFileReference section */

/* Begin PBXFrameworksBuildPhase section */
		2DFEDF342A0951CD00C0FFFF /* Frameworks */ = {
			isa = PBXFrameworksBuildPhase;
			buildActionMask = 2147483647;
			files = (
				C4A0F5579CCD25E1F11AD040 /* Pods_FlashChat_iOS16.framework in Frameworks */,
				2DFA35A02A1582E50042C52D /* IQKeyboardManagerSwift in Frameworks */,
			);
			runOnlyForDeploymentPostprocessing = 0;
		};
/* End PBXFrameworksBuildPhase section */

/* Begin PBXGroup section */
		2D77D17D2A1239B500E92DB0 /* CustomCell */ = {
			isa = PBXGroup;
			children = (
				2D77D17E2A1239DD00E92DB0 /* MessageTableViewCell.swift */,
				2D77D17F2A1239DD00E92DB0 /* MessageTableViewCell.xib */,
			);
			path = CustomCell;
			sourceTree = "<group>";
		};
		2DD646222A0A64B7002181D1 /* CustomUI */ = {
			isa = PBXGroup;
			children = (
				2DD646232A0A6528002181D1 /* UITextFieldCustomUI.swift */,
			);
			path = CustomUI;
			sourceTree = "<group>";
		};
		2DFEDF2E2A0951CD00C0FFFF = {
			isa = PBXGroup;
			children = (
				2DFEDF392A0951CD00C0FFFF /* FlashChat-iOS16 */,
				2DFEDF382A0951CD00C0FFFF /* Products */,
				47FEB0839842236B0BC9A22C /* Pods */,
				C8F9E70E6462C377C3A28099 /* Frameworks */,
			);
			sourceTree = "<group>";
		};
		2DFEDF382A0951CD00C0FFFF /* Products */ = {
			isa = PBXGroup;
			children = (
				2DFEDF372A0951CD00C0FFFF /* FlashChat-iOS16.app */,
			);
			name = Products;
			sourceTree = "<group>";
		};
		2DFEDF392A0951CD00C0FFFF /* FlashChat-iOS16 */ = {
			isa = PBXGroup;
			children = (
				2DFEDF3A2A0951CD00C0FFFF /* AppDelegate.swift */,
				2DFEDF3C2A0951CD00C0FFFF /* SceneDelegate.swift */,
				2D31AEF62A1115FC0025F88A /* Constants.swift */,
				2DFEDF6E2A09522400C0FFFF /* Models */,
				2DFEDF6F2A09523200C0FFFF /* Views */,
				2DFEDF702A09524300C0FFFF /* Controllers */,
				2DFEDF432A0951CF00C0FFFF /* Assets.xcassets */,
				2DFEDF452A0951CF00C0FFFF /* LaunchScreen.storyboard */,
				2DFEDF482A0951CF00C0FFFF /* Info.plist */,
				2DE577A12A0D631E00FF9570 /* GoogleService-Info.plist */,
			);
			path = "FlashChat-iOS16";
			sourceTree = "<group>";
		};
		2DFEDF6E2A09522400C0FFFF /* Models */ = {
			isa = PBXGroup;
			children = (
				2D31AEFA2A112EA10025F88A /* Message.swift */,
			);
			path = Models;
			sourceTree = "<group>";
		};
		2DFEDF6F2A09523200C0FFFF /* Views */ = {
			isa = PBXGroup;
			children = (
				2D77D17D2A1239B500E92DB0 /* CustomCell */,
				2DD646222A0A64B7002181D1 /* CustomUI */,
				2DFEDF402A0951CD00C0FFFF /* Main.storyboard */,
			);
			path = Views;
			sourceTree = "<group>";
		};
		2DFEDF702A09524300C0FFFF /* Controllers */ = {
			isa = PBXGroup;
			children = (
				2DFEDF3E2A0951CD00C0FFFF /* WelcomeViewController.swift */,
				2DD646202A0A58F0002181D1 /* RegisterViewController.swift */,
				2DD6462C2A0A7564002181D1 /* LoginViewController.swift */,
				2D2001D42A0AA2320027ABEE /* ChatViewController.swift */,
			);
			path = Controllers;
			sourceTree = "<group>";
		};
		47FEB0839842236B0BC9A22C /* Pods */ = {
			isa = PBXGroup;
			children = (
				05A5F9AC5B768E69E9585A3B /* Pods-FlashChat-iOS16.debug.xcconfig */,
				48BF7A1C596AA3A8AD8029AA /* Pods-FlashChat-iOS16.release.xcconfig */,
			);
			path = Pods;
			sourceTree = "<group>";
		};
		C8F9E70E6462C377C3A28099 /* Frameworks */ = {
			isa = PBXGroup;
			children = (
				A0FC300A4D5556D3F8C58D83 /* Pods_FlashChat_iOS16.framework */,
			);
			name = Frameworks;
			sourceTree = "<group>";
		};
/* End PBXGroup section */

/* Begin PBXNativeTarget section */
		2DFEDF362A0951CD00C0FFFF /* FlashChat-iOS16 */ = {
			isa = PBXNativeTarget;
			buildConfigurationList = 2DFEDF4B2A0951CF00C0FFFF /* Build configuration list for PBXNativeTarget "FlashChat-iOS16" */;
			buildPhases = (
				D74EE8E8C0574E09B916100B /* [CP] Check Pods Manifest.lock */,
				2DFEDF332A0951CD00C0FFFF /* Sources */,
				2DFEDF342A0951CD00C0FFFF /* Frameworks */,
				2DFEDF352A0951CD00C0FFFF /* Resources */,
				3B57E9827D238E4DA37E8DCD /* [CP] Embed Pods Frameworks */,
			);
			buildRules = (
			);
			dependencies = (
			);
			name = "FlashChat-iOS16";
			packageProductDependencies = (
				2DFA359F2A1582E50042C52D /* IQKeyboardManagerSwift */,
			);
			productName = "FlashChat-iOS16";
			productReference = 2DFEDF372A0951CD00C0FFFF /* FlashChat-iOS16.app */;
			productType = "com.apple.product-type.application";
		};
/* End PBXNativeTarget section */

/* Begin PBXProject section */
		2DFEDF2F2A0951CD00C0FFFF /* Project object */ = {
			isa = PBXProject;
			attributes = {
				BuildIndependentTargetsInParallel = 1;
				LastSwiftUpdateCheck = 1400;
				LastUpgradeCheck = 1400;
				TargetAttributes = {
					2DFEDF362A0951CD00C0FFFF = {
						CreatedOnToolsVersion = 14.0;
					};
				};
			};
			buildConfigurationList = 2DFEDF322A0951CD00C0FFFF /* Build configuration list for PBXProject "FlashChat-iOS16" */;
			compatibilityVersion = "Xcode 14.0";
			developmentRegion = en;
			hasScannedForEncodings = 0;
			knownRegions = (
				en,
				Base,
			);
			mainGroup = 2DFEDF2E2A0951CD00C0FFFF;
			packageReferences = (
				2DFA359E2A1582E50042C52D /* XCRemoteSwiftPackageReference "IQKeyboardManager" */,
			);
			productRefGroup = 2DFEDF382A0951CD00C0FFFF /* Products */;
			projectDirPath = "";
			projectRoot = "";
			targets = (
				2DFEDF362A0951CD00C0FFFF /* FlashChat-iOS16 */,
			);
		};
/* End PBXProject section */

/* Begin PBXResourcesBuildPhase section */
		2DFEDF352A0951CD00C0FFFF /* Resources */ = {
			isa = PBXResourcesBuildPhase;
			buildActionMask = 2147483647;
			files = (
				2DFEDF472A0951CF00C0FFFF /* LaunchScreen.storyboard in Resources */,
				2DE577A22A0D631E00FF9570 /* GoogleService-Info.plist in Resources */,
				2D77D1812A1239DD00E92DB0 /* MessageTableViewCell.xib in Resources */,
				2DFEDF442A0951CF00C0FFFF /* Assets.xcassets in Resources */,
				2DFEDF422A0951CD00C0FFFF /* Main.storyboard in Resources */,
			);
			runOnlyForDeploymentPostprocessing = 0;
		};
/* End PBXResourcesBuildPhase section */

/* Begin PBXShellScriptBuildPhase section */
		3B57E9827D238E4DA37E8DCD /* [CP] Embed Pods Frameworks */ = {
			isa = PBXShellScriptBuildPhase;
			buildActionMask = 2147483647;
			files = (
			);
			inputFileListPaths = (
				"${PODS_ROOT}/Target Support Files/Pods-FlashChat-iOS16/Pods-FlashChat-iOS16-frameworks-${CONFIGURATION}-input-files.xcfilelist",
			);
			name = "[CP] Embed Pods Frameworks";
			outputFileListPaths = (
				"${PODS_ROOT}/Target Support Files/Pods-FlashChat-iOS16/Pods-FlashChat-iOS16-frameworks-${CONFIGURATION}-output-files.xcfilelist",
			);
			runOnlyForDeploymentPostprocessing = 0;
			shellPath = /bin/sh;
			shellScript = "\"${PODS_ROOT}/Target Support Files/Pods-FlashChat-iOS16/Pods-FlashChat-iOS16-frameworks.sh\"\n";
			showEnvVarsInLog = 0;
		};
		D74EE8E8C0574E09B916100B /* [CP] Check Pods Manifest.lock */ = {
			isa = PBXShellScriptBuildPhase;
			buildActionMask = 2147483647;
			files = (
			);
			inputFileListPaths = (
			);
			inputPaths = (
				"${PODS_PODFILE_DIR_PATH}/Podfile.lock",
				"${PODS_ROOT}/Manifest.lock",
			);
			name = "[CP] Check Pods Manifest.lock";
			outputFileListPaths = (
			);
			outputPaths = (
				"$(DERIVED_FILE_DIR)/Pods-FlashChat-iOS16-checkManifestLockResult.txt",
			);
			runOnlyForDeploymentPostprocessing = 0;
			shellPath = /bin/sh;
			shellScript = "diff \"${PODS_PODFILE_DIR_PATH}/Podfile.lock\" \"${PODS_ROOT}/Manifest.lock\" > /dev/null\nif [ $? != 0 ] ; then\n    # print error to STDERR\n    echo \"error: The sandbox is not in sync with the Podfile.lock. Run 'pod install' or update your CocoaPods installation.\" >&2\n    exit 1\nfi\n# This output is used by Xcode 'outputs' to avoid re-running this script phase.\necho \"SUCCESS\" > \"${SCRIPT_OUTPUT_FILE_0}\"\n";
			showEnvVarsInLog = 0;
		};
/* End PBXShellScriptBuildPhase section */

/* Begin PBXSourcesBuildPhase section */
		2DFEDF332A0951CD00C0FFFF /* Sources */ = {
			isa = PBXSourcesBuildPhase;
			buildActionMask = 2147483647;
			files = (
				2DD6462D2A0A7564002181D1 /* LoginViewController.swift in Sources */,
				2DFEDF3F2A0951CD00C0FFFF /* WelcomeViewController.swift in Sources */,
				2DFEDF3B2A0951CD00C0FFFF /* AppDelegate.swift in Sources */,
				2D77D1802A1239DD00E92DB0 /* MessageTableViewCell.swift in Sources */,
				2D31AEFB2A112EA10025F88A /* Message.swift in Sources */,
				2D2001D52A0AA2320027ABEE /* ChatViewController.swift in Sources */,
				2DFEDF3D2A0951CD00C0FFFF /* SceneDelegate.swift in Sources */,
				2DD646242A0A6528002181D1 /* UITextFieldCustomUI.swift in Sources */,
				2DD646212A0A58F0002181D1 /* RegisterViewController.swift in Sources */,
				2D31AEF72A1115FC0025F88A /* Constants.swift in Sources */,
			);
			runOnlyForDeploymentPostprocessing = 0;
		};
/* End PBXSourcesBuildPhase section */

/* Begin PBXVariantGroup section */
		2DFEDF402A0951CD00C0FFFF /* Main.storyboard */ = {
			isa = PBXVariantGroup;
			children = (
				2DFEDF412A0951CD00C0FFFF /* Base */,
			);
			name = Main.storyboard;
			sourceTree = "<group>";
		};
		2DFEDF452A0951CF00C0FFFF /* LaunchScreen.storyboard */ = {
			isa = PBXVariantGroup;
			children = (
				2DFEDF462A0951CF00C0FFFF /* Base */,
			);
			name = LaunchScreen.storyboard;
			sourceTree = "<group>";
		};
/* End PBXVariantGroup section */

/* Begin XCBuildConfiguration section */
		2DFEDF492A0951CF00C0FFFF /* Debug */ = {
			isa = XCBuildConfiguration;
			buildSettings = {
				ALWAYS_SEARCH_USER_PATHS = NO;
				CLANG_ANALYZER_NONNULL = YES;
				CLANG_ANALYZER_NUMBER_OBJECT_CONVERSION = YES_AGGRESSIVE;
				CLANG_CXX_LANGUAGE_STANDARD = "gnu++20";
				CLANG_ENABLE_MODULES = YES;
				CLANG_ENABLE_OBJC_ARC = YES;
				CLANG_ENABLE_OBJC_WEAK = YES;
				CLANG_WARN_BLOCK_CAPTURE_AUTORELEASING = YES;
				CLANG_WARN_BOOL_CONVERSION = YES;
				CLANG_WARN_COMMA = YES;
				CLANG_WARN_CONSTANT_CONVERSION = YES;
				CLANG_WARN_DEPRECATED_OBJC_IMPLEMENTATIONS = YES;
				CLANG_WARN_DIRECT_OBJC_ISA_USAGE = YES_ERROR;
				CLANG_WARN_DOCUMENTATION_COMMENTS = YES;
				CLANG_WARN_EMPTY_BODY = YES;
				CLANG_WARN_ENUM_CONVERSION = YES;
				CLANG_WARN_INFINITE_RECURSION = YES;
				CLANG_WARN_INT_CONVERSION = YES;
				CLANG_WARN_NON_LITERAL_NULL_CONVERSION = YES;
				CLANG_WARN_OBJC_IMPLICIT_RETAIN_SELF = YES;
				CLANG_WARN_OBJC_LITERAL_CONVERSION = YES;
				CLANG_WARN_OBJC_ROOT_CLASS = YES_ERROR;
				CLANG_WARN_QUOTED_INCLUDE_IN_FRAMEWORK_HEADER = YES;
				CLANG_WARN_RANGE_LOOP_ANALYSIS = YES;
				CLANG_WARN_STRICT_PROTOTYPES = YES;
				CLANG_WARN_SUSPICIOUS_MOVE = YES;
				CLANG_WARN_UNGUARDED_AVAILABILITY = YES_AGGRESSIVE;
				CLANG_WARN_UNREACHABLE_CODE = YES;
				CLANG_WARN__DUPLICATE_METHOD_MATCH = YES;
				COPY_PHASE_STRIP = NO;
				DEBUG_INFORMATION_FORMAT = dwarf;
				ENABLE_STRICT_OBJC_MSGSEND = YES;
				ENABLE_TESTABILITY = YES;
				GCC_C_LANGUAGE_STANDARD = gnu11;
				GCC_DYNAMIC_NO_PIC = NO;
				GCC_NO_COMMON_BLOCKS = YES;
				GCC_OPTIMIZATION_LEVEL = 0;
				GCC_PREPROCESSOR_DEFINITIONS = (
					"DEBUG=1",
					"$(inherited)",
				);
				GCC_WARN_64_TO_32_BIT_CONVERSION = YES;
				GCC_WARN_ABOUT_RETURN_TYPE = YES_ERROR;
				GCC_WARN_UNDECLARED_SELECTOR = YES;
				GCC_WARN_UNINITIALIZED_AUTOS = YES_AGGRESSIVE;
				GCC_WARN_UNUSED_FUNCTION = YES;
				GCC_WARN_UNUSED_VARIABLE = YES;
				IPHONEOS_DEPLOYMENT_TARGET = 16.0;
				MTL_ENABLE_DEBUG_INFO = INCLUDE_SOURCE;
				MTL_FAST_MATH = YES;
				ONLY_ACTIVE_ARCH = YES;
				SDKROOT = iphoneos;
				SWIFT_ACTIVE_COMPILATION_CONDITIONS = DEBUG;
				SWIFT_OPTIMIZATION_LEVEL = "-Onone";
			};
			name = Debug;
		};
		2DFEDF4A2A0951CF00C0FFFF /* Release */ = {
			isa = XCBuildConfiguration;
			buildSettings = {
				ALWAYS_SEARCH_USER_PATHS = NO;
				CLANG_ANALYZER_NONNULL = YES;
				CLANG_ANALYZER_NUMBER_OBJECT_CONVERSION = YES_AGGRESSIVE;
				CLANG_CXX_LANGUAGE_STANDARD = "gnu++20";
				CLANG_ENABLE_MODULES = YES;
				CLANG_ENABLE_OBJC_ARC = YES;
				CLANG_ENABLE_OBJC_WEAK = YES;
				CLANG_WARN_BLOCK_CAPTURE_AUTORELEASING = YES;
				CLANG_WARN_BOOL_CONVERSION = YES;
				CLANG_WARN_COMMA = YES;
				CLANG_WARN_CONSTANT_CONVERSION = YES;
				CLANG_WARN_DEPRECATED_OBJC_IMPLEMENTATIONS = YES;
				CLANG_WARN_DIRECT_OBJC_ISA_USAGE = YES_ERROR;
				CLANG_WARN_DOCUMENTATION_COMMENTS = YES;
				CLANG_WARN_EMPTY_BODY = YES;
				CLANG_WARN_ENUM_CONVERSION = YES;
				CLANG_WARN_INFINITE_RECURSION = YES;
				CLANG_WARN_INT_CONVERSION = YES;
				CLANG_WARN_NON_LITERAL_NULL_CONVERSION = YES;
				CLANG_WARN_OBJC_IMPLICIT_RETAIN_SELF = YES;
				CLANG_WARN_OBJC_LITERAL_CONVERSION = YES;
				CLANG_WARN_OBJC_ROOT_CLASS = YES_ERROR;
				CLANG_WARN_QUOTED_INCLUDE_IN_FRAMEWORK_HEADER = YES;
				CLANG_WARN_RANGE_LOOP_ANALYSIS = YES;
				CLANG_WARN_STRICT_PROTOTYPES = YES;
				CLANG_WARN_SUSPICIOUS_MOVE = YES;
				CLANG_WARN_UNGUARDED_AVAILABILITY = YES_AGGRESSIVE;
				CLANG_WARN_UNREACHABLE_CODE = YES;
				CLANG_WARN__DUPLICATE_METHOD_MATCH = YES;
				COPY_PHASE_STRIP = NO;
				DEBUG_INFORMATION_FORMAT = "dwarf-with-dsym";
				ENABLE_NS_ASSERTIONS = NO;
				ENABLE_STRICT_OBJC_MSGSEND = YES;
				GCC_C_LANGUAGE_STANDARD = gnu11;
				GCC_NO_COMMON_BLOCKS = YES;
				GCC_WARN_64_TO_32_BIT_CONVERSION = YES;
				GCC_WARN_ABOUT_RETURN_TYPE = YES_ERROR;
				GCC_WARN_UNDECLARED_SELECTOR = YES;
				GCC_WARN_UNINITIALIZED_AUTOS = YES_AGGRESSIVE;
				GCC_WARN_UNUSED_FUNCTION = YES;
				GCC_WARN_UNUSED_VARIABLE = YES;
				IPHONEOS_DEPLOYMENT_TARGET = 16.0;
				MTL_ENABLE_DEBUG_INFO = NO;
				MTL_FAST_MATH = YES;
				SDKROOT = iphoneos;
				SWIFT_COMPILATION_MODE = wholemodule;
				SWIFT_OPTIMIZATION_LEVEL = "-O";
				VALIDATE_PRODUCT = YES;
			};
			name = Release;
		};
		2DFEDF4C2A0951CF00C0FFFF /* Debug */ = {
			isa = XCBuildConfiguration;
			baseConfigurationReference = 05A5F9AC5B768E69E9585A3B /* Pods-FlashChat-iOS16.debug.xcconfig */;
			buildSettings = {
				ASSETCATALOG_COMPILER_APPICON_NAME = AppIcon;
				ASSETCATALOG_COMPILER_GLOBAL_ACCENT_COLOR_NAME = AccentColor;
				CODE_SIGN_STYLE = Automatic;
				CURRENT_PROJECT_VERSION = 1;
				GENERATE_INFOPLIST_FILE = YES;
				INFOPLIST_FILE = "FlashChat-iOS16/Info.plist";
				INFOPLIST_KEY_UIApplicationSupportsIndirectInputEvents = YES;
				INFOPLIST_KEY_UILaunchStoryboardName = LaunchScreen;
				INFOPLIST_KEY_UIMainStoryboardFile = Main;
				INFOPLIST_KEY_UISupportedInterfaceOrientations_iPad = "UIInterfaceOrientationPortrait UIInterfaceOrientationPortraitUpsideDown UIInterfaceOrientationLandscapeLeft UIInterfaceOrientationLandscapeRight";
				INFOPLIST_KEY_UISupportedInterfaceOrientations_iPhone = "UIInterfaceOrientationPortrait UIInterfaceOrientationLandscapeLeft UIInterfaceOrientationLandscapeRight";
				LD_RUNPATH_SEARCH_PATHS = (
					"$(inherited)",
					"@executable_path/Frameworks",
				);
				MARKETING_VERSION = 1.0;
				PRODUCT_BUNDLE_IDENTIFIER = "com.amrmohamad.FlashChat-iOS16";
				PRODUCT_NAME = "$(TARGET_NAME)";
				SWIFT_EMIT_LOC_STRINGS = YES;
				SWIFT_VERSION = 5.0;
				TARGETED_DEVICE_FAMILY = "1,2";
			};
			name = Debug;
		};
		2DFEDF4D2A0951CF00C0FFFF /* Release */ = {
			isa = XCBuildConfiguration;
			baseConfigurationReference = 48BF7A1C596AA3A8AD8029AA /* Pods-FlashChat-iOS16.release.xcconfig */;
			buildSettings = {
				ASSETCATALOG_COMPILER_APPICON_NAME = AppIcon;
				ASSETCATALOG_COMPILER_GLOBAL_ACCENT_COLOR_NAME = AccentColor;
				CODE_SIGN_STYLE = Automatic;
				CURRENT_PROJECT_VERSION = 1;
				GENERATE_INFOPLIST_FILE = YES;
				INFOPLIST_FILE = "FlashChat-iOS16/Info.plist";
				INFOPLIST_KEY_UIApplicationSupportsIndirectInputEvents = YES;
				INFOPLIST_KEY_UILaunchStoryboardName = LaunchScreen;
				INFOPLIST_KEY_UIMainStoryboardFile = Main;
				INFOPLIST_KEY_UISupportedInterfaceOrientations_iPad = "UIInterfaceOrientationPortrait UIInterfaceOrientationPortraitUpsideDown UIInterfaceOrientationLandscapeLeft UIInterfaceOrientationLandscapeRight";
				INFOPLIST_KEY_UISupportedInterfaceOrientations_iPhone = "UIInterfaceOrientationPortrait UIInterfaceOrientationLandscapeLeft UIInterfaceOrientationLandscapeRight";
				LD_RUNPATH_SEARCH_PATHS = (
					"$(inherited)",
					"@executable_path/Frameworks",
				);
				MARKETING_VERSION = 1.0;
				PRODUCT_BUNDLE_IDENTIFIER = "com.amrmohamad.FlashChat-iOS16";
				PRODUCT_NAME = "$(TARGET_NAME)";
				SWIFT_EMIT_LOC_STRINGS = YES;
				SWIFT_VERSION = 5.0;
				TARGETED_DEVICE_FAMILY = "1,2";
			};
			name = Release;
		};
/* End XCBuildConfiguration section */

/* Begin XCConfigurationList section */
		2DFEDF322A0951CD00C0FFFF /* Build configuration list for PBXProject "FlashChat-iOS16" */ = {
			isa = XCConfigurationList;
			buildConfigurations = (
				2DFEDF492A0951CF00C0FFFF /* Debug */,
				2DFEDF4A2A0951CF00C0FFFF /* Release */,
			);
			defaultConfigurationIsVisible = 0;
			defaultConfigurationName = Release;
		};
		2DFEDF4B2A0951CF00C0FFFF /* Build configuration list for PBXNativeTarget "FlashChat-iOS16" */ = {
			isa = XCConfigurationList;
			buildConfigurations = (
				2DFEDF4C2A0951CF00C0FFFF /* Debug */,
				2DFEDF4D2A0951CF00C0FFFF /* Release */,
			);
			defaultConfigurationIsVisible = 0;
			defaultConfigurationName = Release;
		};
/* End XCConfigurationList section */

/* Begin XCRemoteSwiftPackageReference section */
		2DFA359E2A1582E50042C52D /* XCRemoteSwiftPackageReference "IQKeyboardManager" */ = {
			isa = XCRemoteSwiftPackageReference;
			repositoryURL = "https://github.com/hackiftekhar/IQKeyboardManager";
			requirement = {
				kind = upToNextMajorVersion;
				minimumVersion = 6.5.0;
			};
		};
/* End XCRemoteSwiftPackageReference section */

/* Begin XCSwiftPackageProductDependency section */
		2DFA359F2A1582E50042C52D /* IQKeyboardManagerSwift */ = {
			isa = XCSwiftPackageProductDependency;
			package = 2DFA359E2A1582E50042C52D /* XCRemoteSwiftPackageReference "IQKeyboardManager" */;
			productName = IQKeyboardManagerSwift;
		};
/* End XCSwiftPackageProductDependency section */
	};
	rootObject = 2DFEDF2F2A0951CD00C0FFFF /* Project object */;
}
