// !$*UTF8*$!
{
	archiveVersion = 1;
	classes = {
	};
	objectVersion = 56;
	objects = {

/* Begin PBXBuildFile section */
		2D6911F12A02F9A8001DF1D5 /* AppDelegate.swift in Sources */ = {isa = PBXBuildFile; fileRef = 2D6911F02A02F9A8001DF1D5 /* AppDelegate.swift */; };
		2D6911F32A02F9A8001DF1D5 /* SceneDelegate.swift in Sources */ = {isa = PBXBuildFile; fileRef = 2D6911F22A02F9A8001DF1D5 /* SceneDelegate.swift */; };
		2D6911F52A02F9A8001DF1D5 /* MainViewController.swift in Sources */ = {isa = PBXBuildFile; fileRef = 2D6911F42A02F9A8001DF1D5 /* MainViewController.swift */; };
		2D6911FA2A02F9AB001DF1D5 /* Assets.xcassets in Resources */ = {isa = PBXBuildFile; fileRef = 2D6911F92A02F9AB001DF1D5 /* Assets.xcassets */; };
		2D6911FD2A02F9AB001DF1D5 /* LaunchScreen.storyboard in Resources */ = {isa = PBXBuildFile; fileRef = 2D6911FB2A02F9AB001DF1D5 /* LaunchScreen.storyboard */; };
		2DA55D842A03C0950003274C /* CoinManager.swift in Sources */ = {isa = PBXBuildFile; fileRef = 2DA55D832A03C0950003274C /* CoinManager.swift */; };
		2DA55D862A03C0BB0003274C /* CoinUI.swift in Sources */ = {isa = PBXBuildFile; fileRef = 2DA55D852A03C0BB0003274C /* CoinUI.swift */; };
		2DC406222A06AF34008055B7 /* CoinModel.swift in Sources */ = {isa = PBXBuildFile; fileRef = 2DC406212A06AF34008055B7 /* CoinModel.swift */; };
		2DC406242A06B056008055B7 /* CoinData.swift in Sources */ = {isa = PBXBuildFile; fileRef = 2DC406232A06B056008055B7 /* CoinData.swift */; };
/* End PBXBuildFile section */

/* Begin PBXFileReference section */
		2D6911ED2A02F9A8001DF1D5 /* ByteCoin-UIKit-iOS16.app */ = {isa = PBXFileReference; explicitFileType = wrapper.application; includeInIndex = 0; path = "ByteCoin-UIKit-iOS16.app"; sourceTree = BUILT_PRODUCTS_DIR; };
		2D6911F02A02F9A8001DF1D5 /* AppDelegate.swift */ = {isa = PBXFileReference; lastKnownFileType = sourcecode.swift; path = AppDelegate.swift; sourceTree = "<group>"; };
		2D6911F22A02F9A8001DF1D5 /* SceneDelegate.swift */ = {isa = PBXFileReference; lastKnownFileType = sourcecode.swift; path = SceneDelegate.swift; sourceTree = "<group>"; };
		2D6911F42A02F9A8001DF1D5 /* MainViewController.swift */ = {isa = PBXFileReference; lastKnownFileType = sourcecode.swift; path = MainViewController.swift; sourceTree = "<group>"; };
		2D6911F92A02F9AB001DF1D5 /* Assets.xcassets */ = {isa = PBXFileReference; lastKnownFileType = folder.assetcatalog; path = Assets.xcassets; sourceTree = "<group>"; };
		2D6911FC2A02F9AB001DF1D5 /* Base */ = {isa = PBXFileReference; lastKnownFileType = file.storyboard; name = Base; path = Base.lproj/LaunchScreen.storyboard; sourceTree = "<group>"; };
		2D6911FE2A02F9AB001DF1D5 /* Info.plist */ = {isa = PBXFileReference; lastKnownFileType = text.plist.xml; path = Info.plist; sourceTree = "<group>"; };
		2DA55D832A03C0950003274C /* CoinManager.swift */ = {isa = PBXFileReference; lastKnownFileType = sourcecode.swift; path = CoinManager.swift; sourceTree = "<group>"; };
		2DA55D852A03C0BB0003274C /* CoinUI.swift */ = {isa = PBXFileReference; lastKnownFileType = sourcecode.swift; path = CoinUI.swift; sourceTree = "<group>"; };
		2DC406212A06AF34008055B7 /* CoinModel.swift */ = {isa = PBXFileReference; lastKnownFileType = sourcecode.swift; path = CoinModel.swift; sourceTree = "<group>"; };
		2DC406232A06B056008055B7 /* CoinData.swift */ = {isa = PBXFileReference; lastKnownFileType = sourcecode.swift; path = CoinData.swift; sourceTree = "<group>"; };
/* End PBXFileReference section */

/* Begin PBXFrameworksBuildPhase section */
		2D6911EA2A02F9A8001DF1D5 /* Frameworks */ = {
			isa = PBXFrameworksBuildPhase;
			buildActionMask = 2147483647;
			files = (
			);
			runOnlyForDeploymentPostprocessing = 0;
		};
/* End PBXFrameworksBuildPhase section */

/* Begin PBXGroup section */
		2D6911E42A02F9A8001DF1D5 = {
			isa = PBXGroup;
			children = (
				2D6911EF2A02F9A8001DF1D5 /* ByteCoin-UIKit-iOS16 */,
				2D6911EE2A02F9A8001DF1D5 /* Products */,
			);
			sourceTree = "<group>";
		};
		2D6911EE2A02F9A8001DF1D5 /* Products */ = {
			isa = PBXGroup;
			children = (
				2D6911ED2A02F9A8001DF1D5 /* ByteCoin-UIKit-iOS16.app */,
			);
			name = Products;
			sourceTree = "<group>";
		};
		2D6911EF2A02F9A8001DF1D5 /* ByteCoin-UIKit-iOS16 */ = {
			isa = PBXGroup;
			children = (
				2D6911F02A02F9A8001DF1D5 /* AppDelegate.swift */,
				2D6911F22A02F9A8001DF1D5 /* SceneDelegate.swift */,
				2DA55D802A03BFC70003274C /* Model */,
				2DA55D812A03BFD40003274C /* Controller */,
				2DA55D822A03BFE60003274C /* View */,
				2D6911F92A02F9AB001DF1D5 /* Assets.xcassets */,
				2D6911FB2A02F9AB001DF1D5 /* LaunchScreen.storyboard */,
				2D6911FE2A02F9AB001DF1D5 /* Info.plist */,
			);
			path = "ByteCoin-UIKit-iOS16";
			sourceTree = "<group>";
		};
		2DA55D802A03BFC70003274C /* Model */ = {
			isa = PBXGroup;
			children = (
				2DA55D832A03C0950003274C /* CoinManager.swift */,
				2DC406212A06AF34008055B7 /* CoinModel.swift */,
				2DC406232A06B056008055B7 /* CoinData.swift */,
			);
			path = Model;
			sourceTree = "<group>";
		};
		2DA55D812A03BFD40003274C /* Controller */ = {
			isa = PBXGroup;
			children = (
				2D6911F42A02F9A8001DF1D5 /* MainViewController.swift */,
			);
			path = Controller;
			sourceTree = "<group>";
		};
		2DA55D822A03BFE60003274C /* View */ = {
			isa = PBXGroup;
			children = (
				2DA55D852A03C0BB0003274C /* CoinUI.swift */,
			);
			path = View;
			sourceTree = "<group>";
		};
/* End PBXGroup section */

/* Begin PBXNativeTarget section */
		2D6911EC2A02F9A8001DF1D5 /* ByteCoin-UIKit-iOS16 */ = {
			isa = PBXNativeTarget;
			buildConfigurationList = 2D6912012A02F9AB001DF1D5 /* Build configuration list for PBXNativeTarget "ByteCoin-UIKit-iOS16" */;
			buildPhases = (
				2D6911E92A02F9A8001DF1D5 /* Sources */,
				2D6911EA2A02F9A8001DF1D5 /* Frameworks */,
				2D6911EB2A02F9A8001DF1D5 /* Resources */,
			);
			buildRules = (
			);
			dependencies = (
			);
			name = "ByteCoin-UIKit-iOS16";
			productName = "ByteCoin-UIKit-iOS16";
			productReference = 2D6911ED2A02F9A8001DF1D5 /* ByteCoin-UIKit-iOS16.app */;
			productType = "com.apple.product-type.application";
		};
/* End PBXNativeTarget section */

/* Begin PBXProject section */
		2D6911E52A02F9A8001DF1D5 /* Project object */ = {
			isa = PBXProject;
			attributes = {
				BuildIndependentTargetsInParallel = 1;
				LastSwiftUpdateCheck = 1400;
				LastUpgradeCheck = 1400;
				TargetAttributes = {
					2D6911EC2A02F9A8001DF1D5 = {
						CreatedOnToolsVersion = 14.0;
					};
				};
			};
			buildConfigurationList = 2D6911E82A02F9A8001DF1D5 /* Build configuration list for PBXProject "ByteCoin-UIKit-iOS16" */;
			compatibilityVersion = "Xcode 14.0";
			developmentRegion = en;
			hasScannedForEncodings = 0;
			knownRegions = (
				en,
				Base,
			);
			mainGroup = 2D6911E42A02F9A8001DF1D5;
			productRefGroup = 2D6911EE2A02F9A8001DF1D5 /* Products */;
			projectDirPath = "";
			projectRoot = "";
			targets = (
				2D6911EC2A02F9A8001DF1D5 /* ByteCoin-UIKit-iOS16 */,
			);
		};
/* End PBXProject section */

/* Begin PBXResourcesBuildPhase section */
		2D6911EB2A02F9A8001DF1D5 /* Resources */ = {
			isa = PBXResourcesBuildPhase;
			buildActionMask = 2147483647;
			files = (
				2D6911FD2A02F9AB001DF1D5 /* LaunchScreen.storyboard in Resources */,
				2D6911FA2A02F9AB001DF1D5 /* Assets.xcassets in Resources */,
			);
			runOnlyForDeploymentPostprocessing = 0;
		};
/* End PBXResourcesBuildPhase section */

/* Begin PBXSourcesBuildPhase section */
		2D6911E92A02F9A8001DF1D5 /* Sources */ = {
			isa = PBXSourcesBuildPhase;
			buildActionMask = 2147483647;
			files = (
				2DC406242A06B056008055B7 /* CoinData.swift in Sources */,
				2DA55D842A03C0950003274C /* CoinManager.swift in Sources */,
				2D6911F52A02F9A8001DF1D5 /* MainViewController.swift in Sources */,
				2D6911F12A02F9A8001DF1D5 /* AppDelegate.swift in Sources */,
				2D6911F32A02F9A8001DF1D5 /* SceneDelegate.swift in Sources */,
				2DC406222A06AF34008055B7 /* CoinModel.swift in Sources */,
				2DA55D862A03C0BB0003274C /* CoinUI.swift in Sources */,
			);
			runOnlyForDeploymentPostprocessing = 0;
		};
/* End PBXSourcesBuildPhase section */

/* Begin PBXVariantGroup section */
		2D6911FB2A02F9AB001DF1D5 /* LaunchScreen.storyboard */ = {
			isa = PBXVariantGroup;
			children = (
				2D6911FC2A02F9AB001DF1D5 /* Base */,
			);
			name = LaunchScreen.storyboard;
			sourceTree = "<group>";
		};
/* End PBXVariantGroup section */

/* Begin XCBuildConfiguration section */
		2D6911FF2A02F9AB001DF1D5 /* Debug */ = {
			isa = XCBuildConfiguration;
			buildSettings = {
				ALWAYS_SEARCH_USER_PATHS = NO;
				CLANG_ANALYZER_NONNULL = YES;
				CLANG_ANALYZER_NUMBER_OBJECT_CONVERSION = YES_AGGRESSIVE;
				CLANG_CXX_LANGUAGE_STANDARD = "gnu++20";
				CLANG_ENABLE_MODULES = YES;
				CLANG_ENABLE_OBJC_ARC = YES;
				CLANG_ENABLE_OBJC_WEAK = YES;
				CLANG_WARN_BLOCK_CAPTURE_AUTORELEASING = YES;
				CLANG_WARN_BOOL_CONVERSION = YES;
				CLANG_WARN_COMMA = YES;
				CLANG_WARN_CONSTANT_CONVERSION = YES;
				CLANG_WARN_DEPRECATED_OBJC_IMPLEMENTATIONS = YES;
				CLANG_WARN_DIRECT_OBJC_ISA_USAGE = YES_ERROR;
				CLANG_WARN_DOCUMENTATION_COMMENTS = YES;
				CLANG_WARN_EMPTY_BODY = YES;
				CLANG_WARN_ENUM_CONVERSION = YES;
				CLANG_WARN_INFINITE_RECURSION = YES;
				CLANG_WARN_INT_CONVERSION = YES;
				CLANG_WARN_NON_LITERAL_NULL_CONVERSION = YES;
				CLANG_WARN_OBJC_IMPLICIT_RETAIN_SELF = YES;
				CLANG_WARN_OBJC_LITERAL_CONVERSION = YES;
				CLANG_WARN_OBJC_ROOT_CLASS = YES_ERROR;
				CLANG_WARN_QUOTED_INCLUDE_IN_FRAMEWORK_HEADER = YES;
				CLANG_WARN_RANGE_LOOP_ANALYSIS = YES;
				CLANG_WARN_STRICT_PROTOTYPES = YES;
				CLANG_WARN_SUSPICIOUS_MOVE = YES;
				CLANG_WARN_UNGUARDED_AVAILABILITY = YES_AGGRESSIVE;
				CLANG_WARN_UNREACHABLE_CODE = YES;
				CLANG_WARN__DUPLICATE_METHOD_MATCH = YES;
				COPY_PHASE_STRIP = NO;
				DEBUG_INFORMATION_FORMAT = dwarf;
				ENABLE_STRICT_OBJC_MSGSEND = YES;
				ENABLE_TESTABILITY = YES;
				GCC_C_LANGUAGE_STANDARD = gnu11;
				GCC_DYNAMIC_NO_PIC = NO;
				GCC_NO_COMMON_BLOCKS = YES;
				GCC_OPTIMIZATION_LEVEL = 0;
				GCC_PREPROCESSOR_DEFINITIONS = (
					"DEBUG=1",
					"$(inherited)",
				);
				GCC_WARN_64_TO_32_BIT_CONVERSION = YES;
				GCC_WARN_ABOUT_RETURN_TYPE = YES_ERROR;
				GCC_WARN_UNDECLARED_SELECTOR = YES;
				GCC_WARN_UNINITIALIZED_AUTOS = YES_AGGRESSIVE;
				GCC_WARN_UNUSED_FUNCTION = YES;
				GCC_WARN_UNUSED_VARIABLE = YES;
				IPHONEOS_DEPLOYMENT_TARGET = 16.0;
				MTL_ENABLE_DEBUG_INFO = INCLUDE_SOURCE;
				MTL_FAST_MATH = YES;
				ONLY_ACTIVE_ARCH = YES;
				SDKROOT = iphoneos;
				SWIFT_ACTIVE_COMPILATION_CONDITIONS = DEBUG;
				SWIFT_OPTIMIZATION_LEVEL = "-Onone";
			};
			name = Debug;
		};
		2D6912002A02F9AB001DF1D5 /* Release */ = {
			isa = XCBuildConfiguration;
			buildSettings = {
				ALWAYS_SEARCH_USER_PATHS = NO;
				CLANG_ANALYZER_NONNULL = YES;
				CLANG_ANALYZER_NUMBER_OBJECT_CONVERSION = YES_AGGRESSIVE;
				CLANG_CXX_LANGUAGE_STANDARD = "gnu++20";
				CLANG_ENABLE_MODULES = YES;
				CLANG_ENABLE_OBJC_ARC = YES;
				CLANG_ENABLE_OBJC_WEAK = YES;
				CLANG_WARN_BLOCK_CAPTURE_AUTORELEASING = YES;
				CLANG_WARN_BOOL_CONVERSION = YES;
				CLANG_WARN_COMMA = YES;
				CLANG_WARN_CONSTANT_CONVERSION = YES;
				CLANG_WARN_DEPRECATED_OBJC_IMPLEMENTATIONS = YES;
				CLANG_WARN_DIRECT_OBJC_ISA_USAGE = YES_ERROR;
				CLANG_WARN_DOCUMENTATION_COMMENTS = YES;
				CLANG_WARN_EMPTY_BODY = YES;
				CLANG_WARN_ENUM_CONVERSION = YES;
				CLANG_WARN_INFINITE_RECURSION = YES;
				CLANG_WARN_INT_CONVERSION = YES;
				CLANG_WARN_NON_LITERAL_NULL_CONVERSION = YES;
				CLANG_WARN_OBJC_IMPLICIT_RETAIN_SELF = YES;
				CLANG_WARN_OBJC_LITERAL_CONVERSION = YES;
				CLANG_WARN_OBJC_ROOT_CLASS = YES_ERROR;
				CLANG_WARN_QUOTED_INCLUDE_IN_FRAMEWORK_HEADER = YES;
				CLANG_WARN_RANGE_LOOP_ANALYSIS = YES;
				CLANG_WARN_STRICT_PROTOTYPES = YES;
				CLANG_WARN_SUSPICIOUS_MOVE = YES;
				CLANG_WARN_UNGUARDED_AVAILABILITY = YES_AGGRESSIVE;
				CLANG_WARN_UNREACHABLE_CODE = YES;
				CLANG_WARN__DUPLICATE_METHOD_MATCH = YES;
				COPY_PHASE_STRIP = NO;
				DEBUG_INFORMATION_FORMAT = "dwarf-with-dsym";
				ENABLE_NS_ASSERTIONS = NO;
				ENABLE_STRICT_OBJC_MSGSEND = YES;
				GCC_C_LANGUAGE_STANDARD = gnu11;
				GCC_NO_COMMON_BLOCKS = YES;
				GCC_WARN_64_TO_32_BIT_CONVERSION = YES;
				GCC_WARN_ABOUT_RETURN_TYPE = YES_ERROR;
				GCC_WARN_UNDECLARED_SELECTOR = YES;
				GCC_WARN_UNINITIALIZED_AUTOS = YES_AGGRESSIVE;
				GCC_WARN_UNUSED_FUNCTION = YES;
				GCC_WARN_UNUSED_VARIABLE = YES;
				IPHONEOS_DEPLOYMENT_TARGET = 16.0;
				MTL_ENABLE_DEBUG_INFO = NO;
				MTL_FAST_MATH = YES;
				SDKROOT = iphoneos;
				SWIFT_COMPILATION_MODE = wholemodule;
				SWIFT_OPTIMIZATION_LEVEL = "-O";
				VALIDATE_PRODUCT = YES;
			};
			name = Release;
		};
		2D6912022A02F9AB001DF1D5 /* Debug */ = {
			isa = XCBuildConfiguration;
			buildSettings = {
				ASSETCATALOG_COMPILER_APPICON_NAME = AppIcon;
				ASSETCATALOG_COMPILER_GLOBAL_ACCENT_COLOR_NAME = AccentColor;
				CODE_SIGN_STYLE = Automatic;
				CURRENT_PROJECT_VERSION = 1;
				GENERATE_INFOPLIST_FILE = YES;
				INFOPLIST_FILE = "ByteCoin-UIKit-iOS16/Info.plist";
				INFOPLIST_KEY_UIApplicationSupportsIndirectInputEvents = YES;
				INFOPLIST_KEY_UILaunchStoryboardName = LaunchScreen;
				INFOPLIST_KEY_UISupportedInterfaceOrientations_iPad = "UIInterfaceOrientationPortrait UIInterfaceOrientationPortraitUpsideDown UIInterfaceOrientationLandscapeLeft UIInterfaceOrientationLandscapeRight";
				INFOPLIST_KEY_UISupportedInterfaceOrientations_iPhone = "UIInterfaceOrientationPortrait UIInterfaceOrientationLandscapeLeft UIInterfaceOrientationLandscapeRight";
				LD_RUNPATH_SEARCH_PATHS = (
					"$(inherited)",
					"@executable_path/Frameworks",
				);
				MARKETING_VERSION = 1.0;
				PRODUCT_BUNDLE_IDENTIFIER = "com.amrmohamad.ByteCoin-UIKit-iOS16";
				PRODUCT_NAME = "$(TARGET_NAME)";
				SWIFT_EMIT_LOC_STRINGS = YES;
				SWIFT_VERSION = 5.0;
				TARGETED_DEVICE_FAMILY = "1,2";
			};
			name = Debug;
		};
		2D6912032A02F9AB001DF1D5 /* Release */ = {
			isa = XCBuildConfiguration;
			buildSettings = {
				ASSETCATALOG_COMPILER_APPICON_NAME = AppIcon;
				ASSETCATALOG_COMPILER_GLOBAL_ACCENT_COLOR_NAME = AccentColor;
				CODE_SIGN_STYLE = Automatic;
				CURRENT_PROJECT_VERSION = 1;
				GENERATE_INFOPLIST_FILE = YES;
				INFOPLIST_FILE = "ByteCoin-UIKit-iOS16/Info.plist";
				INFOPLIST_KEY_UIApplicationSupportsIndirectInputEvents = YES;
				INFOPLIST_KEY_UILaunchStoryboardName = LaunchScreen;
				INFOPLIST_KEY_UISupportedInterfaceOrientations_iPad = "UIInterfaceOrientationPortrait UIInterfaceOrientationPortraitUpsideDown UIInterfaceOrientationLandscapeLeft UIInterfaceOrientationLandscapeRight";
				INFOPLIST_KEY_UISupportedInterfaceOrientations_iPhone = "UIInterfaceOrientationPortrait UIInterfaceOrientationLandscapeLeft UIInterfaceOrientationLandscapeRight";
				LD_RUNPATH_SEARCH_PATHS = (
					"$(inherited)",
					"@executable_path/Frameworks",
				);
				MARKETING_VERSION = 1.0;
				PRODUCT_BUNDLE_IDENTIFIER = "com.amrmohamad.ByteCoin-UIKit-iOS16";
				PRODUCT_NAME = "$(TARGET_NAME)";
				SWIFT_EMIT_LOC_STRINGS = YES;
				SWIFT_VERSION = 5.0;
				TARGETED_DEVICE_FAMILY = "1,2";
			};
			name = Release;
		};
/* End XCBuildConfiguration section */

/* Begin XCConfigurationList section */
		2D6911E82A02F9A8001DF1D5 /* Build configuration list for PBXProject "ByteCoin-UIKit-iOS16" */ = {
			isa = XCConfigurationList;
			buildConfigurations = (
				2D6911FF2A02F9AB001DF1D5 /* Debug */,
				2D6912002A02F9AB001DF1D5 /* Release */,
			);
			defaultConfigurationIsVisible = 0;
			defaultConfigurationName = Release;
		};
		2D6912012A02F9AB001DF1D5 /* Build configuration list for PBXNativeTarget "ByteCoin-UIKit-iOS16" */ = {
			isa = XCConfigurationList;
			buildConfigurations = (
				2D6912022A02F9AB001DF1D5 /* Debug */,
				2D6912032A02F9AB001DF1D5 /* Release */,
			);
			defaultConfigurationIsVisible = 0;
			defaultConfigurationName = Release;
		};
/* End XCConfigurationList section */
	};
	rootObject = 2D6911E52A02F9A8001DF1D5 /* Project object */;
}
