// !$*UTF8*$!
{
	archiveVersion = 1;
	classes = {
	};
	objectVersion = 56;
	objects = {

/* Begin PBXBuildFile section */
		1C836271EA9A1F25F8ED6E10 /* Pods_Todoey_iOS16.framework in Frameworks */ = {isa = PBXBuildFile; fileRef = CD5ACE5214EDE3AB7899B4A2 /* Pods_Todoey_iOS16.framework */; };
		2D4FD6682A8E6CC200C97589 /* SwipeTableViewController.swift in Sources */ = {isa = PBXBuildFile; fileRef = 2D4FD6672A8E6CC200C97589 /* SwipeTableViewController.swift */; };
		2D8DEA9D2A3F2FEB00932B89 /* AppDelegate.swift in Sources */ = {isa = PBXBuildFile; fileRef = 2D8DEA9C2A3F2FEB00932B89 /* AppDelegate.swift */; };
		2D8DEA9F2A3F2FEB00932B89 /* SceneDelegate.swift in Sources */ = {isa = PBXBuildFile; fileRef = 2D8DEA9E2A3F2FEB00932B89 /* SceneDelegate.swift */; };
		2D8DEAA12A3F2FEB00932B89 /* TodoListViewController.swift in Sources */ = {isa = PBXBuildFile; fileRef = 2D8DEAA02A3F2FEB00932B89 /* TodoListViewController.swift */; };
		2D8DEAA42A3F2FEB00932B89 /* Main.storyboard in Resources */ = {isa = PBXBuildFile; fileRef = 2D8DEAA22A3F2FEB00932B89 /* Main.storyboard */; };
		2D8DEAA62A3F2FEE00932B89 /* Assets.xcassets in Resources */ = {isa = PBXBuildFile; fileRef = 2D8DEAA52A3F2FEE00932B89 /* Assets.xcassets */; };
		2D8DEAA92A3F2FEE00932B89 /* LaunchScreen.storyboard in Resources */ = {isa = PBXBuildFile; fileRef = 2D8DEAA72A3F2FEE00932B89 /* LaunchScreen.storyboard */; };
		2DCCCACD2A659D8C00407500 /* CategoryTableViewController.swift in Sources */ = {isa = PBXBuildFile; fileRef = 2DCCCACC2A659D8C00407500 /* CategoryTableViewController.swift */; };
		2DDAA3042A6ED9CC00BF0E41 /* Item.swift in Sources */ = {isa = PBXBuildFile; fileRef = 2DDAA3032A6ED9CC00BF0E41 /* Item.swift */; };
		2DDAA3062A6EDABA00BF0E41 /* Category.swift in Sources */ = {isa = PBXBuildFile; fileRef = 2DDAA3052A6EDABA00BF0E41 /* Category.swift */; };
/* End PBXBuildFile section */

/* Begin PBXFileReference section */
		2D4FD6672A8E6CC200C97589 /* SwipeTableViewController.swift */ = {isa = PBXFileReference; lastKnownFileType = sourcecode.swift; path = SwipeTableViewController.swift; sourceTree = "<group>"; };
		2D8DEA992A3F2FEB00932B89 /* Todoey-iOS16.app */ = {isa = PBXFileReference; explicitFileType = wrapper.application; includeInIndex = 0; path = "Todoey-iOS16.app"; sourceTree = BUILT_PRODUCTS_DIR; };
		2D8DEA9C2A3F2FEB00932B89 /* AppDelegate.swift */ = {isa = PBXFileReference; lastKnownFileType = sourcecode.swift; path = AppDelegate.swift; sourceTree = "<group>"; };
		2D8DEA9E2A3F2FEB00932B89 /* SceneDelegate.swift */ = {isa = PBXFileReference; lastKnownFileType = sourcecode.swift; path = SceneDelegate.swift; sourceTree = "<group>"; };
		2D8DEAA02A3F2FEB00932B89 /* TodoListViewController.swift */ = {isa = PBXFileReference; lastKnownFileType = sourcecode.swift; path = TodoListViewController.swift; sourceTree = "<group>"; };
		2D8DEAA32A3F2FEB00932B89 /* Base */ = {isa = PBXFileReference; lastKnownFileType = file.storyboard; name = Base; path = Base.lproj/Main.storyboard; sourceTree = "<group>"; };
		2D8DEAA52A3F2FEE00932B89 /* Assets.xcassets */ = {isa = PBXFileReference; lastKnownFileType = folder.assetcatalog; path = Assets.xcassets; sourceTree = "<group>"; };
		2D8DEAA82A3F2FEE00932B89 /* Base */ = {isa = PBXFileReference; lastKnownFileType = file.storyboard; name = Base; path = Base.lproj/LaunchScreen.storyboard; sourceTree = "<group>"; };
		2D8DEAAA2A3F2FEE00932B89 /* Info.plist */ = {isa = PBXFileReference; lastKnownFileType = text.plist.xml; path = Info.plist; sourceTree = "<group>"; };
		2DCCCACC2A659D8C00407500 /* CategoryTableViewController.swift */ = {isa = PBXFileReference; lastKnownFileType = sourcecode.swift; path = CategoryTableViewController.swift; sourceTree = "<group>"; };
		2DDAA3032A6ED9CC00BF0E41 /* Item.swift */ = {isa = PBXFileReference; lastKnownFileType = sourcecode.swift; path = Item.swift; sourceTree = "<group>"; };
		2DDAA3052A6EDABA00BF0E41 /* Category.swift */ = {isa = PBXFileReference; lastKnownFileType = sourcecode.swift; path = Category.swift; sourceTree = "<group>"; };
		CD5ACE5214EDE3AB7899B4A2 /* Pods_Todoey_iOS16.framework */ = {isa = PBXFileReference; explicitFileType = wrapper.framework; includeInIndex = 0; path = Pods_Todoey_iOS16.framework; sourceTree = BUILT_PRODUCTS_DIR; };
		D323D3BC4CCA701AE82E87D5 /* Pods-Todoey-iOS16.release.xcconfig */ = {isa = PBXFileReference; includeInIndex = 1; lastKnownFileType = text.xcconfig; name = "Pods-Todoey-iOS16.release.xcconfig"; path = "Target Support Files/Pods-Todoey-iOS16/Pods-Todoey-iOS16.release.xcconfig"; sourceTree = "<group>"; };
		FD6E1572DC35969631467FC3 /* Pods-Todoey-iOS16.debug.xcconfig */ = {isa = PBXFileReference; includeInIndex = 1; lastKnownFileType = text.xcconfig; name = "Pods-Todoey-iOS16.debug.xcconfig"; path = "Target Support Files/Pods-Todoey-iOS16/Pods-Todoey-iOS16.debug.xcconfig"; sourceTree = "<group>"; };
/* End PBXFileReference section */

/* Begin PBXFrameworksBuildPhase section */
		2D8DEA962A3F2FEB00932B89 /* Frameworks */ = {
			isa = PBXFrameworksBuildPhase;
			buildActionMask = 2147483647;
			files = (
				1C836271EA9A1F25F8ED6E10 /* Pods_Todoey_iOS16.framework in Frameworks */,
			);
			runOnlyForDeploymentPostprocessing = 0;
		};
/* End PBXFrameworksBuildPhase section */

/* Begin PBXGroup section */
		2D8DEA902A3F2FEB00932B89 = {
			isa = PBXGroup;
			children = (
				2D8DEA9B2A3F2FEB00932B89 /* Todoey-iOS16 */,
				2D8DEA9A2A3F2FEB00932B89 /* Products */,
				67BF21932F92E35C1C0CFD28 /* Pods */,
				461BD0FA97DE5F88AB766A52 /* Frameworks */,
			);
			sourceTree = "<group>";
		};
		2D8DEA9A2A3F2FEB00932B89 /* Products */ = {
			isa = PBXGroup;
			children = (
				2D8DEA992A3F2FEB00932B89 /* Todoey-iOS16.app */,
			);
			name = Products;
			sourceTree = "<group>";
		};
		2D8DEA9B2A3F2FEB00932B89 /* Todoey-iOS16 */ = {
			isa = PBXGroup;
			children = (
				2D8DEA9C2A3F2FEB00932B89 /* AppDelegate.swift */,
				2D8DEA9E2A3F2FEB00932B89 /* SceneDelegate.swift */,
				2DEB0ED52A472431007CE433 /* Models */,
				2DEB0ED32A472403007CE433 /* Views */,
				2DEB0ED42A472411007CE433 /* Controllers */,
				2D8DEAA52A3F2FEE00932B89 /* Assets.xcassets */,
				2D8DEAA72A3F2FEE00932B89 /* LaunchScreen.storyboard */,
				2D8DEAAA2A3F2FEE00932B89 /* Info.plist */,
			);
			path = "Todoey-iOS16";
			sourceTree = "<group>";
		};
		2DEB0ED32A472403007CE433 /* Views */ = {
			isa = PBXGroup;
			children = (
				2D8DEAA22A3F2FEB00932B89 /* Main.storyboard */,
			);
			path = Views;
			sourceTree = "<group>";
		};
		2DEB0ED42A472411007CE433 /* Controllers */ = {
			isa = PBXGroup;
			children = (
				2D8DEAA02A3F2FEB00932B89 /* TodoListViewController.swift */,
				2DCCCACC2A659D8C00407500 /* CategoryTableViewController.swift */,
				2D4FD6672A8E6CC200C97589 /* SwipeTableViewController.swift */,
			);
			path = Controllers;
			sourceTree = "<group>";
		};
		2DEB0ED52A472431007CE433 /* Models */ = {
			isa = PBXGroup;
			children = (
				2DDAA3052A6EDABA00BF0E41 /* Category.swift */,
				2DDAA3032A6ED9CC00BF0E41 /* Item.swift */,
			);
			path = Models;
			sourceTree = "<group>";
		};
		461BD0FA97DE5F88AB766A52 /* Frameworks */ = {
			isa = PBXGroup;
			children = (
				CD5ACE5214EDE3AB7899B4A2 /* Pods_Todoey_iOS16.framework */,
			);
			name = Frameworks;
			sourceTree = "<group>";
		};
		67BF21932F92E35C1C0CFD28 /* Pods */ = {
			isa = PBXGroup;
			children = (
				FD6E1572DC35969631467FC3 /* Pods-Todoey-iOS16.debug.xcconfig */,
				D323D3BC4CCA701AE82E87D5 /* Pods-Todoey-iOS16.release.xcconfig */,
			);
			path = Pods;
			sourceTree = "<group>";
		};
/* End PBXGroup section */

/* Begin PBXNativeTarget section */
		2D8DEA982A3F2FEB00932B89 /* Todoey-iOS16 */ = {
			isa = PBXNativeTarget;
			buildConfigurationList = 2D8DEAAD2A3F2FEE00932B89 /* Build configuration list for PBXNativeTarget "Todoey-iOS16" */;
			buildPhases = (
				A1B10A1344E95401C4673856 /* [CP] Check Pods Manifest.lock */,
				2D8DEA952A3F2FEB00932B89 /* Sources */,
				2D8DEA962A3F2FEB00932B89 /* Frameworks */,
				2D8DEA972A3F2FEB00932B89 /* Resources */,
				D64D567BFC8BF5A54A8014A2 /* [CP] Embed Pods Frameworks */,
			);
			buildRules = (
			);
			dependencies = (
			);
			name = "Todoey-iOS16";
			productName = "Todoey-iOS16";
			productReference = 2D8DEA992A3F2FEB00932B89 /* Todoey-iOS16.app */;
			productType = "com.apple.product-type.application";
		};
/* End PBXNativeTarget section */

/* Begin PBXProject section */
		2D8DEA912A3F2FEB00932B89 /* Project object */ = {
			isa = PBXProject;
			attributes = {
				BuildIndependentTargetsInParallel = 1;
				LastSwiftUpdateCheck = 1400;
				LastUpgradeCheck = 1400;
				TargetAttributes = {
					2D8DEA982A3F2FEB00932B89 = {
						CreatedOnToolsVersion = 14.0;
					};
				};
			};
			buildConfigurationList = 2D8DEA942A3F2FEB00932B89 /* Build configuration list for PBXProject "Todoey-iOS16" */;
			compatibilityVersion = "Xcode 14.0";
			developmentRegion = en;
			hasScannedForEncodings = 0;
			knownRegions = (
				en,
				Base,
			);
			mainGroup = 2D8DEA902A3F2FEB00932B89;
			productRefGroup = 2D8DEA9A2A3F2FEB00932B89 /* Products */;
			projectDirPath = "";
			projectRoot = "";
			targets = (
				2D8DEA982A3F2FEB00932B89 /* Todoey-iOS16 */,
			);
		};
/* End PBXProject section */

/* Begin PBXResourcesBuildPhase section */
		2D8DEA972A3F2FEB00932B89 /* Resources */ = {
			isa = PBXResourcesBuildPhase;
			buildActionMask = 2147483647;
			files = (
				2D8DEAA92A3F2FEE00932B89 /* LaunchScreen.storyboard in Resources */,
				2D8DEAA62A3F2FEE00932B89 /* Assets.xcassets in Resources */,
				2D8DEAA42A3F2FEB00932B89 /* Main.storyboard in Resources */,
			);
			runOnlyForDeploymentPostprocessing = 0;
		};
/* End PBXResourcesBuildPhase section */

/* Begin PBXShellScriptBuildPhase section */
		A1B10A1344E95401C4673856 /* [CP] Check Pods Manifest.lock */ = {
			isa = PBXShellScriptBuildPhase;
			buildActionMask = 2147483647;
			files = (
			);
			inputFileListPaths = (
			);
			inputPaths = (
				"${PODS_PODFILE_DIR_PATH}/Podfile.lock",
				"${PODS_ROOT}/Manifest.lock",
			);
			name = "[CP] Check Pods Manifest.lock";
			outputFileListPaths = (
			);
			outputPaths = (
				"$(DERIVED_FILE_DIR)/Pods-Todoey-iOS16-checkManifestLockResult.txt",
			);
			runOnlyForDeploymentPostprocessing = 0;
			shellPath = /bin/sh;
			shellScript = "diff \"${PODS_PODFILE_DIR_PATH}/Podfile.lock\" \"${PODS_ROOT}/Manifest.lock\" > /dev/null\nif [ $? != 0 ] ; then\n    # print error to STDERR\n    echo \"error: The sandbox is not in sync with the Podfile.lock. Run 'pod install' or update your CocoaPods installation.\" >&2\n    exit 1\nfi\n# This output is used by Xcode 'outputs' to avoid re-running this script phase.\necho \"SUCCESS\" > \"${SCRIPT_OUTPUT_FILE_0}\"\n";
			showEnvVarsInLog = 0;
		};
		D64D567BFC8BF5A54A8014A2 /* [CP] Embed Pods Frameworks */ = {
			isa = PBXShellScriptBuildPhase;
			buildActionMask = 2147483647;
			files = (
			);
			inputFileListPaths = (
				"${PODS_ROOT}/Target Support Files/Pods-Todoey-iOS16/Pods-Todoey-iOS16-frameworks-${CONFIGURATION}-input-files.xcfilelist",
			);
			name = "[CP] Embed Pods Frameworks";
			outputFileListPaths = (
				"${PODS_ROOT}/Target Support Files/Pods-Todoey-iOS16/Pods-Todoey-iOS16-frameworks-${CONFIGURATION}-output-files.xcfilelist",
			);
			runOnlyForDeploymentPostprocessing = 0;
			shellPath = /bin/sh;
			shellScript = "\"${PODS_ROOT}/Target Support Files/Pods-Todoey-iOS16/Pods-Todoey-iOS16-frameworks.sh\"\n";
			showEnvVarsInLog = 0;
		};
/* End PBXShellScriptBuildPhase section */

/* Begin PBXSourcesBuildPhase section */
		2D8DEA952A3F2FEB00932B89 /* Sources */ = {
			isa = PBXSourcesBuildPhase;
			buildActionMask = 2147483647;
			files = (
				2DDAA3042A6ED9CC00BF0E41 /* Item.swift in Sources */,
				2D8DEAA12A3F2FEB00932B89 /* TodoListViewController.swift in Sources */,
				2DCCCACD2A659D8C00407500 /* CategoryTableViewController.swift in Sources */,
				2D4FD6682A8E6CC200C97589 /* SwipeTableViewController.swift in Sources */,
				2D8DEA9D2A3F2FEB00932B89 /* AppDelegate.swift in Sources */,
				2D8DEA9F2A3F2FEB00932B89 /* SceneDelegate.swift in Sources */,
				2DDAA3062A6EDABA00BF0E41 /* Category.swift in Sources */,
			);
			runOnlyForDeploymentPostprocessing = 0;
		};
/* End PBXSourcesBuildPhase section */

/* Begin PBXVariantGroup section */
		2D8DEAA22A3F2FEB00932B89 /* Main.storyboard */ = {
			isa = PBXVariantGroup;
			children = (
				2D8DEAA32A3F2FEB00932B89 /* Base */,
			);
			name = Main.storyboard;
			sourceTree = "<group>";
		};
		2D8DEAA72A3F2FEE00932B89 /* LaunchScreen.storyboard */ = {
			isa = PBXVariantGroup;
			children = (
				2D8DEAA82A3F2FEE00932B89 /* Base */,
			);
			name = LaunchScreen.storyboard;
			sourceTree = "<group>";
		};
/* End PBXVariantGroup section */

/* Begin XCBuildConfiguration section */
		2D8DEAAB2A3F2FEE00932B89 /* Debug */ = {
			isa = XCBuildConfiguration;
			buildSettings = {
				ALWAYS_SEARCH_USER_PATHS = NO;
				CLANG_ANALYZER_NONNULL = YES;
				CLANG_ANALYZER_NUMBER_OBJECT_CONVERSION = YES_AGGRESSIVE;
				CLANG_CXX_LANGUAGE_STANDARD = "gnu++20";
				CLANG_ENABLE_MODULES = YES;
				CLANG_ENABLE_OBJC_ARC = YES;
				CLANG_ENABLE_OBJC_WEAK = YES;
				CLANG_WARN_BLOCK_CAPTURE_AUTORELEASING = YES;
				CLANG_WARN_BOOL_CONVERSION = YES;
				CLANG_WARN_COMMA = YES;
				CLANG_WARN_CONSTANT_CONVERSION = YES;
				CLANG_WARN_DEPRECATED_OBJC_IMPLEMENTATIONS = YES;
				CLANG_WARN_DIRECT_OBJC_ISA_USAGE = YES_ERROR;
				CLANG_WARN_DOCUMENTATION_COMMENTS = YES;
				CLANG_WARN_EMPTY_BODY = YES;
				CLANG_WARN_ENUM_CONVERSION = YES;
				CLANG_WARN_INFINITE_RECURSION = YES;
				CLANG_WARN_INT_CONVERSION = YES;
				CLANG_WARN_NON_LITERAL_NULL_CONVERSION = YES;
				CLANG_WARN_OBJC_IMPLICIT_RETAIN_SELF = YES;
				CLANG_WARN_OBJC_LITERAL_CONVERSION = YES;
				CLANG_WARN_OBJC_ROOT_CLASS = YES_ERROR;
				CLANG_WARN_QUOTED_INCLUDE_IN_FRAMEWORK_HEADER = YES;
				CLANG_WARN_RANGE_LOOP_ANALYSIS = YES;
				CLANG_WARN_STRICT_PROTOTYPES = YES;
				CLANG_WARN_SUSPICIOUS_MOVE = YES;
				CLANG_WARN_UNGUARDED_AVAILABILITY = YES_AGGRESSIVE;
				CLANG_WARN_UNREACHABLE_CODE = YES;
				CLANG_WARN__DUPLICATE_METHOD_MATCH = YES;
				COPY_PHASE_STRIP = NO;
				DEBUG_INFORMATION_FORMAT = dwarf;
				ENABLE_STRICT_OBJC_MSGSEND = YES;
				ENABLE_TESTABILITY = YES;
				GCC_C_LANGUAGE_STANDARD = gnu11;
				GCC_DYNAMIC_NO_PIC = NO;
				GCC_NO_COMMON_BLOCKS = YES;
				GCC_OPTIMIZATION_LEVEL = 0;
				GCC_PREPROCESSOR_DEFINITIONS = (
					"DEBUG=1",
					"$(inherited)",
				);
				GCC_WARN_64_TO_32_BIT_CONVERSION = YES;
				GCC_WARN_ABOUT_RETURN_TYPE = YES_ERROR;
				GCC_WARN_UNDECLARED_SELECTOR = YES;
				GCC_WARN_UNINITIALIZED_AUTOS = YES_AGGRESSIVE;
				GCC_WARN_UNUSED_FUNCTION = YES;
				GCC_WARN_UNUSED_VARIABLE = YES;
				IPHONEOS_DEPLOYMENT_TARGET = 16.0;
				MTL_ENABLE_DEBUG_INFO = INCLUDE_SOURCE;
				MTL_FAST_MATH = YES;
				ONLY_ACTIVE_ARCH = YES;
				SDKROOT = iphoneos;
				SWIFT_ACTIVE_COMPILATION_CONDITIONS = DEBUG;
				SWIFT_OPTIMIZATION_LEVEL = "-Onone";
			};
			name = Debug;
		};
		2D8DEAAC2A3F2FEE00932B89 /* Release */ = {
			isa = XCBuildConfiguration;
			buildSettings = {
				ALWAYS_SEARCH_USER_PATHS = NO;
				CLANG_ANALYZER_NONNULL = YES;
				CLANG_ANALYZER_NUMBER_OBJECT_CONVERSION = YES_AGGRESSIVE;
				CLANG_CXX_LANGUAGE_STANDARD = "gnu++20";
				CLANG_ENABLE_MODULES = YES;
				CLANG_ENABLE_OBJC_ARC = YES;
				CLANG_ENABLE_OBJC_WEAK = YES;
				CLANG_WARN_BLOCK_CAPTURE_AUTORELEASING = YES;
				CLANG_WARN_BOOL_CONVERSION = YES;
				CLANG_WARN_COMMA = YES;
				CLANG_WARN_CONSTANT_CONVERSION = YES;
				CLANG_WARN_DEPRECATED_OBJC_IMPLEMENTATIONS = YES;
				CLANG_WARN_DIRECT_OBJC_ISA_USAGE = YES_ERROR;
				CLANG_WARN_DOCUMENTATION_COMMENTS = YES;
				CLANG_WARN_EMPTY_BODY = YES;
				CLANG_WARN_ENUM_CONVERSION = YES;
				CLANG_WARN_INFINITE_RECURSION = YES;
				CLANG_WARN_INT_CONVERSION = YES;
				CLANG_WARN_NON_LITERAL_NULL_CONVERSION = YES;
				CLANG_WARN_OBJC_IMPLICIT_RETAIN_SELF = YES;
				CLANG_WARN_OBJC_LITERAL_CONVERSION = YES;
				CLANG_WARN_OBJC_ROOT_CLASS = YES_ERROR;
				CLANG_WARN_QUOTED_INCLUDE_IN_FRAMEWORK_HEADER = YES;
				CLANG_WARN_RANGE_LOOP_ANALYSIS = YES;
				CLANG_WARN_STRICT_PROTOTYPES = YES;
				CLANG_WARN_SUSPICIOUS_MOVE = YES;
				CLANG_WARN_UNGUARDED_AVAILABILITY = YES_AGGRESSIVE;
				CLANG_WARN_UNREACHABLE_CODE = YES;
				CLANG_WARN__DUPLICATE_METHOD_MATCH = YES;
				COPY_PHASE_STRIP = NO;
				DEBUG_INFORMATION_FORMAT = "dwarf-with-dsym";
				ENABLE_NS_ASSERTIONS = NO;
				ENABLE_STRICT_OBJC_MSGSEND = YES;
				GCC_C_LANGUAGE_STANDARD = gnu11;
				GCC_NO_COMMON_BLOCKS = YES;
				GCC_WARN_64_TO_32_BIT_CONVERSION = YES;
				GCC_WARN_ABOUT_RETURN_TYPE = YES_ERROR;
				GCC_WARN_UNDECLARED_SELECTOR = YES;
				GCC_WARN_UNINITIALIZED_AUTOS = YES_AGGRESSIVE;
				GCC_WARN_UNUSED_FUNCTION = YES;
				GCC_WARN_UNUSED_VARIABLE = YES;
				IPHONEOS_DEPLOYMENT_TARGET = 16.0;
				MTL_ENABLE_DEBUG_INFO = NO;
				MTL_FAST_MATH = YES;
				SDKROOT = iphoneos;
				SWIFT_COMPILATION_MODE = wholemodule;
				SWIFT_OPTIMIZATION_LEVEL = "-O";
				VALIDATE_PRODUCT = YES;
			};
			name = Release;
		};
		2D8DEAAE2A3F2FEE00932B89 /* Debug */ = {
			isa = XCBuildConfiguration;
			baseConfigurationReference = FD6E1572DC35969631467FC3 /* Pods-Todoey-iOS16.debug.xcconfig */;
			buildSettings = {
				ASSETCATALOG_COMPILER_APPICON_NAME = AppIcon;
				ASSETCATALOG_COMPILER_GLOBAL_ACCENT_COLOR_NAME = AccentColor;
				CODE_SIGN_STYLE = Automatic;
				CURRENT_PROJECT_VERSION = 1;
				GENERATE_INFOPLIST_FILE = YES;
				INFOPLIST_FILE = "Todoey-iOS16/Info.plist";
				INFOPLIST_KEY_UIApplicationSupportsIndirectInputEvents = YES;
				INFOPLIST_KEY_UILaunchStoryboardName = LaunchScreen;
				INFOPLIST_KEY_UIMainStoryboardFile = Main;
				INFOPLIST_KEY_UISupportedInterfaceOrientations_iPad = "UIInterfaceOrientationPortrait UIInterfaceOrientationPortraitUpsideDown UIInterfaceOrientationLandscapeLeft UIInterfaceOrientationLandscapeRight";
				INFOPLIST_KEY_UISupportedInterfaceOrientations_iPhone = "UIInterfaceOrientationPortrait UIInterfaceOrientationLandscapeLeft UIInterfaceOrientationLandscapeRight";
				LD_RUNPATH_SEARCH_PATHS = (
					"$(inherited)",
					"@executable_path/Frameworks",
				);
				MARKETING_VERSION = 1.0;
				PRODUCT_BUNDLE_IDENTIFIER = "com.amrmohamad.Todoey-iOS16";
				PRODUCT_NAME = "$(TARGET_NAME)";
				SWIFT_EMIT_LOC_STRINGS = YES;
				SWIFT_VERSION = 5.0;
				TARGETED_DEVICE_FAMILY = "1,2";
			};
			name = Debug;
		};
		2D8DEAAF2A3F2FEE00932B89 /* Release */ = {
			isa = XCBuildConfiguration;
			baseConfigurationReference = D323D3BC4CCA701AE82E87D5 /* Pods-Todoey-iOS16.release.xcconfig */;
			buildSettings = {
				ASSETCATALOG_COMPILER_APPICON_NAME = AppIcon;
				ASSETCATALOG_COMPILER_GLOBAL_ACCENT_COLOR_NAME = AccentColor;
				CODE_SIGN_STYLE = Automatic;
				CURRENT_PROJECT_VERSION = 1;
				GENERATE_INFOPLIST_FILE = YES;
				INFOPLIST_FILE = "Todoey-iOS16/Info.plist";
				INFOPLIST_KEY_UIApplicationSupportsIndirectInputEvents = YES;
				INFOPLIST_KEY_UILaunchStoryboardName = LaunchScreen;
				INFOPLIST_KEY_UIMainStoryboardFile = Main;
				INFOPLIST_KEY_UISupportedInterfaceOrientations_iPad = "UIInterfaceOrientationPortrait UIInterfaceOrientationPortraitUpsideDown UIInterfaceOrientationLandscapeLeft UIInterfaceOrientationLandscapeRight";
				INFOPLIST_KEY_UISupportedInterfaceOrientations_iPhone = "UIInterfaceOrientationPortrait UIInterfaceOrientationLandscapeLeft UIInterfaceOrientationLandscapeRight";
				LD_RUNPATH_SEARCH_PATHS = (
					"$(inherited)",
					"@executable_path/Frameworks",
				);
				MARKETING_VERSION = 1.0;
				PRODUCT_BUNDLE_IDENTIFIER = "com.amrmohamad.Todoey-iOS16";
				PRODUCT_NAME = "$(TARGET_NAME)";
				SWIFT_EMIT_LOC_STRINGS = YES;
				SWIFT_VERSION = 5.0;
				TARGETED_DEVICE_FAMILY = "1,2";
			};
			name = Release;
		};
/* End XCBuildConfiguration section */

/* Begin XCConfigurationList section */
		2D8DEA942A3F2FEB00932B89 /* Build configuration list for PBXProject "Todoey-iOS16" */ = {
			isa = XCConfigurationList;
			buildConfigurations = (
				2D8DEAAB2A3F2FEE00932B89 /* Debug */,
				2D8DEAAC2A3F2FEE00932B89 /* Release */,
			);
			defaultConfigurationIsVisible = 0;
			defaultConfigurationName = Release;
		};
		2D8DEAAD2A3F2FEE00932B89 /* Build configuration list for PBXNativeTarget "Todoey-iOS16" */ = {
			isa = XCConfigurationList;
			buildConfigurations = (
				2D8DEAAE2A3F2FEE00932B89 /* Debug */,
				2D8DEAAF2A3F2FEE00932B89 /* Release */,
			);
			defaultConfigurationIsVisible = 0;
			defaultConfigurationName = Release;
		};
/* End XCConfigurationList section */
	};
	rootObject = 2D8DEA912A3F2FEB00932B89 /* Project object */;
}
