// !$*UTF8*$!
{
	archiveVersion = 1;
	classes = {
	};
	objectVersion = 56;
	objects = {

/* Begin PBXBuildFile section */
		2D3F717F2A8E7F40006C902B /* SwipeTableViewController.swift in Sources */ = {isa = PBXBuildFile; fileRef = 2D3F717E2A8E7F40006C902B /* SwipeTableViewController.swift */; };
		2D4F6F222A8BCB18000A26C8 /* CategoryViewController.swift in Sources */ = {isa = PBXBuildFile; fileRef = 2D4F6F212A8BCB18000A26C8 /* CategoryViewController.swift */; };
		2D5D364C2A8D1AF000D66FD7 /* Category.swift in Sources */ = {isa = PBXBuildFile; fileRef = 2D5D364B2A8D1AF000D66FD7 /* Category.swift */; };
		2D5D364E2A8D1B0600D66FD7 /* Item.swift in Sources */ = {isa = PBXBuildFile; fileRef = 2D5D364D2A8D1B0600D66FD7 /* Item.swift */; };
		2D8DEABD2A3F301D00932B89 /* AppDelegate.swift in Sources */ = {isa = PBXBuildFile; fileRef = 2D8DEABC2A3F301D00932B89 /* AppDelegate.swift */; };
		2D8DEABF2A3F301D00932B89 /* SceneDelegate.swift in Sources */ = {isa = PBXBuildFile; fileRef = 2D8DEABE2A3F301D00932B89 /* SceneDelegate.swift */; };
		2D8DEAC12A3F301D00932B89 /* TodoListViewController.swift in Sources */ = {isa = PBXBuildFile; fileRef = 2D8DEAC02A3F301D00932B89 /* TodoListViewController.swift */; };
		2D8DEAC62A3F301E00932B89 /* Assets.xcassets in Resources */ = {isa = PBXBuildFile; fileRef = 2D8DEAC52A3F301E00932B89 /* Assets.xcassets */; };
		2D8DEAC92A3F301E00932B89 /* LaunchScreen.storyboard in Resources */ = {isa = PBXBuildFile; fileRef = 2D8DEAC72A3F301E00932B89 /* LaunchScreen.storyboard */; };
		2DF4EF992A4605A9008BE00D /* BigTitleNavigationBar.swift in Sources */ = {isa = PBXBuildFile; fileRef = 2DF4EF982A4605A9008BE00D /* BigTitleNavigationBar.swift */; };
		7650817400EA891E3CEF7C2C /* Pods_Todoey_UIKit_iOS16.framework in Frameworks */ = {isa = PBXBuildFile; fileRef = 99F410C98960B2D1C0F040DF /* Pods_Todoey_UIKit_iOS16.framework */; };
/* End PBXBuildFile section */

/* Begin PBXFileReference section */
		2D3F717E2A8E7F40006C902B /* SwipeTableViewController.swift */ = {isa = PBXFileReference; lastKnownFileType = sourcecode.swift; path = SwipeTableViewController.swift; sourceTree = "<group>"; };
		2D4F6F212A8BCB18000A26C8 /* CategoryViewController.swift */ = {isa = PBXFileReference; lastKnownFileType = sourcecode.swift; path = CategoryViewController.swift; sourceTree = "<group>"; };
		2D5D364B2A8D1AF000D66FD7 /* Category.swift */ = {isa = PBXFileReference; lastKnownFileType = sourcecode.swift; path = Category.swift; sourceTree = "<group>"; };
		2D5D364D2A8D1B0600D66FD7 /* Item.swift */ = {isa = PBXFileReference; lastKnownFileType = sourcecode.swift; path = Item.swift; sourceTree = "<group>"; };
		2D8DEAB92A3F301D00932B89 /* Todoey-UIKit-iOS16.app */ = {isa = PBXFileReference; explicitFileType = wrapper.application; includeInIndex = 0; path = "Todoey-UIKit-iOS16.app"; sourceTree = BUILT_PRODUCTS_DIR; };
		2D8DEABC2A3F301D00932B89 /* AppDelegate.swift */ = {isa = PBXFileReference; lastKnownFileType = sourcecode.swift; path = AppDelegate.swift; sourceTree = "<group>"; };
		2D8DEABE2A3F301D00932B89 /* SceneDelegate.swift */ = {isa = PBXFileReference; lastKnownFileType = sourcecode.swift; path = SceneDelegate.swift; sourceTree = "<group>"; };
		2D8DEAC02A3F301D00932B89 /* TodoListViewController.swift */ = {isa = PBXFileReference; lastKnownFileType = sourcecode.swift; path = TodoListViewController.swift; sourceTree = "<group>"; };
		2D8DEAC52A3F301E00932B89 /* Assets.xcassets */ = {isa = PBXFileReference; lastKnownFileType = folder.assetcatalog; path = Assets.xcassets; sourceTree = "<group>"; };
		2D8DEAC82A3F301E00932B89 /* Base */ = {isa = PBXFileReference; lastKnownFileType = file.storyboard; name = Base; path = Base.lproj/LaunchScreen.storyboard; sourceTree = "<group>"; };
		2D8DEACA2A3F301E00932B89 /* Info.plist */ = {isa = PBXFileReference; lastKnownFileType = text.plist.xml; path = Info.plist; sourceTree = "<group>"; };
		2DF4EF982A4605A9008BE00D /* BigTitleNavigationBar.swift */ = {isa = PBXFileReference; lastKnownFileType = sourcecode.swift; path = BigTitleNavigationBar.swift; sourceTree = "<group>"; };
		5FE432EEF2C6D031A99A395E /* Pods-Todoey-UIKit-iOS16.release.xcconfig */ = {isa = PBXFileReference; includeInIndex = 1; lastKnownFileType = text.xcconfig; name = "Pods-Todoey-UIKit-iOS16.release.xcconfig"; path = "Target Support Files/Pods-Todoey-UIKit-iOS16/Pods-Todoey-UIKit-iOS16.release.xcconfig"; sourceTree = "<group>"; };
		8E4291F242BEAFDB44D1551A /* Pods-Todoey-UIKit-iOS16.debug.xcconfig */ = {isa = PBXFileReference; includeInIndex = 1; lastKnownFileType = text.xcconfig; name = "Pods-Todoey-UIKit-iOS16.debug.xcconfig"; path = "Target Support Files/Pods-Todoey-UIKit-iOS16/Pods-Todoey-UIKit-iOS16.debug.xcconfig"; sourceTree = "<group>"; };
		99F410C98960B2D1C0F040DF /* Pods_Todoey_UIKit_iOS16.framework */ = {isa = PBXFileReference; explicitFileType = wrapper.framework; includeInIndex = 0; path = Pods_Todoey_UIKit_iOS16.framework; sourceTree = BUILT_PRODUCTS_DIR; };
/* End PBXFileReference section */

/* Begin PBXFrameworksBuildPhase section */
		2D8DEAB62A3F301D00932B89 /* Frameworks */ = {
			isa = PBXFrameworksBuildPhase;
			buildActionMask = 2147483647;
			files = (
				7650817400EA891E3CEF7C2C /* Pods_Todoey_UIKit_iOS16.framework in Frameworks */,
			);
			runOnlyForDeploymentPostprocessing = 0;
		};
/* End PBXFrameworksBuildPhase section */

/* Begin PBXGroup section */
		2D8DEAB02A3F301D00932B89 = {
			isa = PBXGroup;
			children = (
				2D8DEABB2A3F301D00932B89 /* Todoey-UIKit-iOS16 */,
				2D8DEABA2A3F301D00932B89 /* Products */,
				63D972581F51FF85901BA9A5 /* Pods */,
				FE8B2075FCC09543331EED4A /* Frameworks */,
			);
			sourceTree = "<group>";
		};
		2D8DEABA2A3F301D00932B89 /* Products */ = {
			isa = PBXGroup;
			children = (
				2D8DEAB92A3F301D00932B89 /* Todoey-UIKit-iOS16.app */,
			);
			name = Products;
			sourceTree = "<group>";
		};
		2D8DEABB2A3F301D00932B89 /* Todoey-UIKit-iOS16 */ = {
			isa = PBXGroup;
			children = (
				2D8DEABC2A3F301D00932B89 /* AppDelegate.swift */,
				2D8DEABE2A3F301D00932B89 /* SceneDelegate.swift */,
				2DEB0ED72A472431007CE433 /* Models */,
				2DEB0ED82A472431007CE433 /* Views */,
				2DEB0ED62A472431007CE433 /* Controllers */,
				2D8DEAC52A3F301E00932B89 /* Assets.xcassets */,
				2D8DEAC72A3F301E00932B89 /* LaunchScreen.storyboard */,
				2D8DEACA2A3F301E00932B89 /* Info.plist */,
			);
			path = "Todoey-UIKit-iOS16";
			sourceTree = "<group>";
		};
		2DEB0ED62A472431007CE433 /* Controllers */ = {
			isa = PBXGroup;
			children = (
				2D4F6F212A8BCB18000A26C8 /* CategoryViewController.swift */,
				2D8DEAC02A3F301D00932B89 /* TodoListViewController.swift */,
				2D3F717E2A8E7F40006C902B /* SwipeTableViewController.swift */,
			);
			path = Controllers;
			sourceTree = "<group>";
		};
		2DEB0ED72A472431007CE433 /* Models */ = {
			isa = PBXGroup;
			children = (
				2D5D364B2A8D1AF000D66FD7 /* Category.swift */,
				2D5D364D2A8D1B0600D66FD7 /* Item.swift */,
			);
			path = Models;
			sourceTree = "<group>";
		};
		2DEB0ED82A472431007CE433 /* Views */ = {
			isa = PBXGroup;
			children = (
				2DF4EF982A4605A9008BE00D /* BigTitleNavigationBar.swift */,
			);
			path = Views;
			sourceTree = "<group>";
		};
		63D972581F51FF85901BA9A5 /* Pods */ = {
			isa = PBXGroup;
			children = (
				8E4291F242BEAFDB44D1551A /* Pods-Todoey-UIKit-iOS16.debug.xcconfig */,
				5FE432EEF2C6D031A99A395E /* Pods-Todoey-UIKit-iOS16.release.xcconfig */,
			);
			path = Pods;
			sourceTree = "<group>";
		};
		FE8B2075FCC09543331EED4A /* Frameworks */ = {
			isa = PBXGroup;
			children = (
				99F410C98960B2D1C0F040DF /* Pods_Todoey_UIKit_iOS16.framework */,
			);
			name = Frameworks;
			sourceTree = "<group>";
		};
/* End PBXGroup section */

/* Begin PBXNativeTarget section */
		2D8DEAB82A3F301D00932B89 /* Todoey-UIKit-iOS16 */ = {
			isa = PBXNativeTarget;
			buildConfigurationList = 2D8DEACD2A3F301E00932B89 /* Build configuration list for PBXNativeTarget "Todoey-UIKit-iOS16" */;
			buildPhases = (
				838097E6F0D674A975AFFB1C /* [CP] Check Pods Manifest.lock */,
				2D8DEAB52A3F301D00932B89 /* Sources */,
				2D8DEAB62A3F301D00932B89 /* Frameworks */,
				2D8DEAB72A3F301D00932B89 /* Resources */,
				18C494E556D6B536511AD034 /* [CP] Embed Pods Frameworks */,
			);
			buildRules = (
			);
			dependencies = (
			);
			name = "Todoey-UIKit-iOS16";
			productName = "Todoey-UIKit-iOS16";
			productReference = 2D8DEAB92A3F301D00932B89 /* Todoey-UIKit-iOS16.app */;
			productType = "com.apple.product-type.application";
		};
/* End PBXNativeTarget section */

/* Begin PBXProject section */
		2D8DEAB12A3F301D00932B89 /* Project object */ = {
			isa = PBXProject;
			attributes = {
				BuildIndependentTargetsInParallel = 1;
				LastSwiftUpdateCheck = 1400;
				LastUpgradeCheck = 1400;
				TargetAttributes = {
					2D8DEAB82A3F301D00932B89 = {
						CreatedOnToolsVersion = 14.0;
					};
				};
			};
			buildConfigurationList = 2D8DEAB42A3F301D00932B89 /* Build configuration list for PBXProject "Todoey-UIKit-iOS16" */;
			compatibilityVersion = "Xcode 14.0";
			developmentRegion = en;
			hasScannedForEncodings = 0;
			knownRegions = (
				en,
				Base,
			);
			mainGroup = 2D8DEAB02A3F301D00932B89;
			productRefGroup = 2D8DEABA2A3F301D00932B89 /* Products */;
			projectDirPath = "";
			projectRoot = "";
			targets = (
				2D8DEAB82A3F301D00932B89 /* Todoey-UIKit-iOS16 */,
			);
		};
/* End PBXProject section */

/* Begin PBXResourcesBuildPhase section */
		2D8DEAB72A3F301D00932B89 /* Resources */ = {
			isa = PBXResourcesBuildPhase;
			buildActionMask = 2147483647;
			files = (
				2D8DEAC92A3F301E00932B89 /* LaunchScreen.storyboard in Resources */,
				2D8DEAC62A3F301E00932B89 /* Assets.xcassets in Resources */,
			);
			runOnlyForDeploymentPostprocessing = 0;
		};
/* End PBXResourcesBuildPhase section */

/* Begin PBXShellScriptBuildPhase section */
		18C494E556D6B536511AD034 /* [CP] Embed Pods Frameworks */ = {
			isa = PBXShellScriptBuildPhase;
			buildActionMask = 2147483647;
			files = (
			);
			inputFileListPaths = (
				"${PODS_ROOT}/Target Support Files/Pods-Todoey-UIKit-iOS16/Pods-Todoey-UIKit-iOS16-frameworks-${CONFIGURATION}-input-files.xcfilelist",
			);
			name = "[CP] Embed Pods Frameworks";
			outputFileListPaths = (
				"${PODS_ROOT}/Target Support Files/Pods-Todoey-UIKit-iOS16/Pods-Todoey-UIKit-iOS16-frameworks-${CONFIGURATION}-output-files.xcfilelist",
			);
			runOnlyForDeploymentPostprocessing = 0;
			shellPath = /bin/sh;
			shellScript = "\"${PODS_ROOT}/Target Support Files/Pods-Todoey-UIKit-iOS16/Pods-Todoey-UIKit-iOS16-frameworks.sh\"\n";
			showEnvVarsInLog = 0;
		};
		838097E6F0D674A975AFFB1C /* [CP] Check Pods Manifest.lock */ = {
			isa = PBXShellScriptBuildPhase;
			buildActionMask = 2147483647;
			files = (
			);
			inputFileListPaths = (
			);
			inputPaths = (
				"${PODS_PODFILE_DIR_PATH}/Podfile.lock",
				"${PODS_ROOT}/Manifest.lock",
			);
			name = "[CP] Check Pods Manifest.lock";
			outputFileListPaths = (
			);
			outputPaths = (
				"$(DERIVED_FILE_DIR)/Pods-Todoey-UIKit-iOS16-checkManifestLockResult.txt",
			);
			runOnlyForDeploymentPostprocessing = 0;
			shellPath = /bin/sh;
			shellScript = "diff \"${PODS_PODFILE_DIR_PATH}/Podfile.lock\" \"${PODS_ROOT}/Manifest.lock\" > /dev/null\nif [ $? != 0 ] ; then\n    # print error to STDERR\n    echo \"error: The sandbox is not in sync with the Podfile.lock. Run 'pod install' or update your CocoaPods installation.\" >&2\n    exit 1\nfi\n# This output is used by Xcode 'outputs' to avoid re-running this script phase.\necho \"SUCCESS\" > \"${SCRIPT_OUTPUT_FILE_0}\"\n";
			showEnvVarsInLog = 0;
		};
/* End PBXShellScriptBuildPhase section */

/* Begin PBXSourcesBuildPhase section */
		2D8DEAB52A3F301D00932B89 /* Sources */ = {
			isa = PBXSourcesBuildPhase;
			buildActionMask = 2147483647;
			files = (
				2D3F717F2A8E7F40006C902B /* SwipeTableViewController.swift in Sources */,
				2DF4EF992A4605A9008BE00D /* BigTitleNavigationBar.swift in Sources */,
				2D8DEAC12A3F301D00932B89 /* TodoListViewController.swift in Sources */,
				2D4F6F222A8BCB18000A26C8 /* CategoryViewController.swift in Sources */,
				2D8DEABD2A3F301D00932B89 /* AppDelegate.swift in Sources */,
				2D5D364E2A8D1B0600D66FD7 /* Item.swift in Sources */,
				2D8DEABF2A3F301D00932B89 /* SceneDelegate.swift in Sources */,
				2D5D364C2A8D1AF000D66FD7 /* Category.swift in Sources */,
			);
			runOnlyForDeploymentPostprocessing = 0;
		};
/* End PBXSourcesBuildPhase section */

/* Begin PBXVariantGroup section */
		2D8DEAC72A3F301E00932B89 /* LaunchScreen.storyboard */ = {
			isa = PBXVariantGroup;
			children = (
				2D8DEAC82A3F301E00932B89 /* Base */,
			);
			name = LaunchScreen.storyboard;
			sourceTree = "<group>";
		};
/* End PBXVariantGroup section */

/* Begin XCBuildConfiguration section */
		2D8DEACB2A3F301E00932B89 /* Debug */ = {
			isa = XCBuildConfiguration;
			buildSettings = {
				ALWAYS_SEARCH_USER_PATHS = NO;
				CLANG_ANALYZER_NONNULL = YES;
				CLANG_ANALYZER_NUMBER_OBJECT_CONVERSION = YES_AGGRESSIVE;
				CLANG_CXX_LANGUAGE_STANDARD = "gnu++20";
				CLANG_ENABLE_MODULES = YES;
				CLANG_ENABLE_OBJC_ARC = YES;
				CLANG_ENABLE_OBJC_WEAK = YES;
				CLANG_WARN_BLOCK_CAPTURE_AUTORELEASING = YES;
				CLANG_WARN_BOOL_CONVERSION = YES;
				CLANG_WARN_COMMA = YES;
				CLANG_WARN_CONSTANT_CONVERSION = YES;
				CLANG_WARN_DEPRECATED_OBJC_IMPLEMENTATIONS = YES;
				CLANG_WARN_DIRECT_OBJC_ISA_USAGE = YES_ERROR;
				CLANG_WARN_DOCUMENTATION_COMMENTS = YES;
				CLANG_WARN_EMPTY_BODY = YES;
				CLANG_WARN_ENUM_CONVERSION = YES;
				CLANG_WARN_INFINITE_RECURSION = YES;
				CLANG_WARN_INT_CONVERSION = YES;
				CLANG_WARN_NON_LITERAL_NULL_CONVERSION = YES;
				CLANG_WARN_OBJC_IMPLICIT_RETAIN_SELF = YES;
				CLANG_WARN_OBJC_LITERAL_CONVERSION = YES;
				CLANG_WARN_OBJC_ROOT_CLASS = YES_ERROR;
				CLANG_WARN_QUOTED_INCLUDE_IN_FRAMEWORK_HEADER = YES;
				CLANG_WARN_RANGE_LOOP_ANALYSIS = YES;
				CLANG_WARN_STRICT_PROTOTYPES = YES;
				CLANG_WARN_SUSPICIOUS_MOVE = YES;
				CLANG_WARN_UNGUARDED_AVAILABILITY = YES_AGGRESSIVE;
				CLANG_WARN_UNREACHABLE_CODE = YES;
				CLANG_WARN__DUPLICATE_METHOD_MATCH = YES;
				COPY_PHASE_STRIP = NO;
				DEBUG_INFORMATION_FORMAT = dwarf;
				ENABLE_STRICT_OBJC_MSGSEND = YES;
				ENABLE_TESTABILITY = YES;
				GCC_C_LANGUAGE_STANDARD = gnu11;
				GCC_DYNAMIC_NO_PIC = NO;
				GCC_NO_COMMON_BLOCKS = YES;
				GCC_OPTIMIZATION_LEVEL = 0;
				GCC_PREPROCESSOR_DEFINITIONS = (
					"DEBUG=1",
					"$(inherited)",
				);
				GCC_WARN_64_TO_32_BIT_CONVERSION = YES;
				GCC_WARN_ABOUT_RETURN_TYPE = YES_ERROR;
				GCC_WARN_UNDECLARED_SELECTOR = YES;
				GCC_WARN_UNINITIALIZED_AUTOS = YES_AGGRESSIVE;
				GCC_WARN_UNUSED_FUNCTION = YES;
				GCC_WARN_UNUSED_VARIABLE = YES;
				IPHONEOS_DEPLOYMENT_TARGET = 16.0;
				MTL_ENABLE_DEBUG_INFO = INCLUDE_SOURCE;
				MTL_FAST_MATH = YES;
				ONLY_ACTIVE_ARCH = YES;
				SDKROOT = iphoneos;
				SWIFT_ACTIVE_COMPILATION_CONDITIONS = DEBUG;
				SWIFT_OPTIMIZATION_LEVEL = "-Onone";
			};
			name = Debug;
		};
		2D8DEACC2A3F301E00932B89 /* Release */ = {
			isa = XCBuildConfiguration;
			buildSettings = {
				ALWAYS_SEARCH_USER_PATHS = NO;
				CLANG_ANALYZER_NONNULL = YES;
				CLANG_ANALYZER_NUMBER_OBJECT_CONVERSION = YES_AGGRESSIVE;
				CLANG_CXX_LANGUAGE_STANDARD = "gnu++20";
				CLANG_ENABLE_MODULES = YES;
				CLANG_ENABLE_OBJC_ARC = YES;
				CLANG_ENABLE_OBJC_WEAK = YES;
				CLANG_WARN_BLOCK_CAPTURE_AUTORELEASING = YES;
				CLANG_WARN_BOOL_CONVERSION = YES;
				CLANG_WARN_COMMA = YES;
				CLANG_WARN_CONSTANT_CONVERSION = YES;
				CLANG_WARN_DEPRECATED_OBJC_IMPLEMENTATIONS = YES;
				CLANG_WARN_DIRECT_OBJC_ISA_USAGE = YES_ERROR;
				CLANG_WARN_DOCUMENTATION_COMMENTS = YES;
				CLANG_WARN_EMPTY_BODY = YES;
				CLANG_WARN_ENUM_CONVERSION = YES;
				CLANG_WARN_INFINITE_RECURSION = YES;
				CLANG_WARN_INT_CONVERSION = YES;
				CLANG_WARN_NON_LITERAL_NULL_CONVERSION = YES;
				CLANG_WARN_OBJC_IMPLICIT_RETAIN_SELF = YES;
				CLANG_WARN_OBJC_LITERAL_CONVERSION = YES;
				CLANG_WARN_OBJC_ROOT_CLASS = YES_ERROR;
				CLANG_WARN_QUOTED_INCLUDE_IN_FRAMEWORK_HEADER = YES;
				CLANG_WARN_RANGE_LOOP_ANALYSIS = YES;
				CLANG_WARN_STRICT_PROTOTYPES = YES;
				CLANG_WARN_SUSPICIOUS_MOVE = YES;
				CLANG_WARN_UNGUARDED_AVAILABILITY = YES_AGGRESSIVE;
				CLANG_WARN_UNREACHABLE_CODE = YES;
				CLANG_WARN__DUPLICATE_METHOD_MATCH = YES;
				COPY_PHASE_STRIP = NO;
				DEBUG_INFORMATION_FORMAT = "dwarf-with-dsym";
				ENABLE_NS_ASSERTIONS = NO;
				ENABLE_STRICT_OBJC_MSGSEND = YES;
				GCC_C_LANGUAGE_STANDARD = gnu11;
				GCC_NO_COMMON_BLOCKS = YES;
				GCC_WARN_64_TO_32_BIT_CONVERSION = YES;
				GCC_WARN_ABOUT_RETURN_TYPE = YES_ERROR;
				GCC_WARN_UNDECLARED_SELECTOR = YES;
				GCC_WARN_UNINITIALIZED_AUTOS = YES_AGGRESSIVE;
				GCC_WARN_UNUSED_FUNCTION = YES;
				GCC_WARN_UNUSED_VARIABLE = YES;
				IPHONEOS_DEPLOYMENT_TARGET = 16.0;
				MTL_ENABLE_DEBUG_INFO = NO;
				MTL_FAST_MATH = YES;
				SDKROOT = iphoneos;
				SWIFT_COMPILATION_MODE = wholemodule;
				SWIFT_OPTIMIZATION_LEVEL = "-O";
				VALIDATE_PRODUCT = YES;
			};
			name = Release;
		};
		2D8DEACE2A3F301E00932B89 /* Debug */ = {
			isa = XCBuildConfiguration;
			baseConfigurationReference = 8E4291F242BEAFDB44D1551A /* Pods-Todoey-UIKit-iOS16.debug.xcconfig */;
			buildSettings = {
				ASSETCATALOG_COMPILER_APPICON_NAME = AppIcon;
				ASSETCATALOG_COMPILER_GLOBAL_ACCENT_COLOR_NAME = AccentColor;
				CODE_SIGN_STYLE = Automatic;
				CURRENT_PROJECT_VERSION = 1;
				GENERATE_INFOPLIST_FILE = YES;
				INFOPLIST_FILE = "Todoey-UIKit-iOS16/Info.plist";
				INFOPLIST_KEY_UIApplicationSupportsIndirectInputEvents = YES;
				INFOPLIST_KEY_UILaunchStoryboardName = LaunchScreen;
				INFOPLIST_KEY_UISupportedInterfaceOrientations_iPad = "UIInterfaceOrientationPortrait UIInterfaceOrientationPortraitUpsideDown UIInterfaceOrientationLandscapeLeft UIInterfaceOrientationLandscapeRight";
				INFOPLIST_KEY_UISupportedInterfaceOrientations_iPhone = "UIInterfaceOrientationPortrait UIInterfaceOrientationLandscapeLeft UIInterfaceOrientationLandscapeRight";
				LD_RUNPATH_SEARCH_PATHS = (
					"$(inherited)",
					"@executable_path/Frameworks",
				);
				MARKETING_VERSION = 1.0;
				PRODUCT_BUNDLE_IDENTIFIER = "com.amrmohamad.Todoey-UIKit-iOS16";
				PRODUCT_NAME = "$(TARGET_NAME)";
				SWIFT_EMIT_LOC_STRINGS = YES;
				SWIFT_VERSION = 5.0;
				TARGETED_DEVICE_FAMILY = "1,2";
			};
			name = Debug;
		};
		2D8DEACF2A3F301E00932B89 /* Release */ = {
			isa = XCBuildConfiguration;
			baseConfigurationReference = 5FE432EEF2C6D031A99A395E /* Pods-Todoey-UIKit-iOS16.release.xcconfig */;
			buildSettings = {
				ASSETCATALOG_COMPILER_APPICON_NAME = AppIcon;
				ASSETCATALOG_COMPILER_GLOBAL_ACCENT_COLOR_NAME = AccentColor;
				CODE_SIGN_STYLE = Automatic;
				CURRENT_PROJECT_VERSION = 1;
				GENERATE_INFOPLIST_FILE = YES;
				INFOPLIST_FILE = "Todoey-UIKit-iOS16/Info.plist";
				INFOPLIST_KEY_UIApplicationSupportsIndirectInputEvents = YES;
				INFOPLIST_KEY_UILaunchStoryboardName = LaunchScreen;
				INFOPLIST_KEY_UISupportedInterfaceOrientations_iPad = "UIInterfaceOrientationPortrait UIInterfaceOrientationPortraitUpsideDown UIInterfaceOrientationLandscapeLeft UIInterfaceOrientationLandscapeRight";
				INFOPLIST_KEY_UISupportedInterfaceOrientations_iPhone = "UIInterfaceOrientationPortrait UIInterfaceOrientationLandscapeLeft UIInterfaceOrientationLandscapeRight";
				LD_RUNPATH_SEARCH_PATHS = (
					"$(inherited)",
					"@executable_path/Frameworks",
				);
				MARKETING_VERSION = 1.0;
				PRODUCT_BUNDLE_IDENTIFIER = "com.amrmohamad.Todoey-UIKit-iOS16";
				PRODUCT_NAME = "$(TARGET_NAME)";
				SWIFT_EMIT_LOC_STRINGS = YES;
				SWIFT_VERSION = 5.0;
				TARGETED_DEVICE_FAMILY = "1,2";
			};
			name = Release;
		};
/* End XCBuildConfiguration section */

/* Begin XCConfigurationList section */
		2D8DEAB42A3F301D00932B89 /* Build configuration list for PBXProject "Todoey-UIKit-iOS16" */ = {
			isa = XCConfigurationList;
			buildConfigurations = (
				2D8DEACB2A3F301E00932B89 /* Debug */,
				2D8DEACC2A3F301E00932B89 /* Release */,
			);
			defaultConfigurationIsVisible = 0;
			defaultConfigurationName = Release;
		};
		2D8DEACD2A3F301E00932B89 /* Build configuration list for PBXNativeTarget "Todoey-UIKit-iOS16" */ = {
			isa = XCConfigurationList;
			buildConfigurations = (
				2D8DEACE2A3F301E00932B89 /* Debug */,
				2D8DEACF2A3F301E00932B89 /* Release */,
			);
			defaultConfigurationIsVisible = 0;
			defaultConfigurationName = Release;
		};
/* End XCConfigurationList section */
	};
	rootObject = 2D8DEAB12A3F301D00932B89 /* Project object */;
}
